// !$*UTF8*$!
{
	archiveVersion = 1;
	classes = {
	};
	objectVersion = 56;
	objects = {

/* Begin PBXBuildFile section */
		A13635E42AC769B200E6FFF8 /* KeyboardApp.swift in Sources */ = {isa = PBXBuildFile; fileRef = A13635E32AC769B200E6FFF8 /* KeyboardApp.swift */; };
		A13635E62AC769B200E6FFF8 /* ContentView.swift in Sources */ = {isa = PBXBuildFile; fileRef = A13635E52AC769B200E6FFF8 /* ContentView.swift */; };
		A13635E82AC769B400E6FFF8 /* Assets.xcassets in Resources */ = {isa = PBXBuildFile; fileRef = A13635E72AC769B400E6FFF8 /* Assets.xcassets */; };
		A13635EB2AC769B400E6FFF8 /* Preview Assets.xcassets in Resources */ = {isa = PBXBuildFile; fileRef = A13635EA2AC769B400E6FFF8 /* Preview Assets.xcassets */; };
		A13635F22AC76A3C00E6FFF8 /* MyKeyboard.swift in Sources */ = {isa = PBXBuildFile; fileRef = A13635F12AC76A3C00E6FFF8 /* MyKeyboard.swift */; };
		A13635F42AC76A6600E6FFF8 /* KeyboardStyle.swift in Sources */ = {isa = PBXBuildFile; fileRef = A13635F32AC76A6600E6FFF8 /* KeyboardStyle.swift */; };
		A13635F82AC76CDB00E6FFF8 /* KeyboardToolbar.swift in Sources */ = {isa = PBXBuildFile; fileRef = A13635F72AC76CDB00E6FFF8 /* KeyboardToolbar.swift */; };
		A1A79E242ACB3D7E00528F70 /* Home.swift in Sources */ = {isa = PBXBuildFile; fileRef = A1A79E232ACB3D7E00528F70 /* Home.swift */; };
		A1A79E262ACB7D7700528F70 /* file.json in Resources */ = {isa = PBXBuildFile; fileRef = A1A79E252ACB7D7700528F70 /* file.json */; };
		A1A79E282ACB7E8600528F70 /* file2.json in Resources */ = {isa = PBXBuildFile; fileRef = A1A79E272ACB7E8600528F70 /* file2.json */; };
/* End PBXBuildFile section */

/* Begin PBXFileReference section */
		A13635E02AC769B200E6FFF8 /* Keyboard.app */ = {isa = PBXFileReference; explicitFileType = wrapper.application; includeInIndex = 0; path = Keyboard.app; sourceTree = BUILT_PRODUCTS_DIR; };
		A13635E32AC769B200E6FFF8 /* KeyboardApp.swift */ = {isa = PBXFileReference; lastKnownFileType = sourcecode.swift; path = KeyboardApp.swift; sourceTree = "<group>"; };
		A13635E52AC769B200E6FFF8 /* ContentView.swift */ = {isa = PBXFileReference; lastKnownFileType = sourcecode.swift; path = ContentView.swift; sourceTree = "<group>"; };
		A13635E72AC769B400E6FFF8 /* Assets.xcassets */ = {isa = PBXFileReference; lastKnownFileType = folder.assetcatalog; path = Assets.xcassets; sourceTree = "<group>"; };
		A13635EA2AC769B400E6FFF8 /* Preview Assets.xcassets */ = {isa = PBXFileReference; lastKnownFileType = folder.assetcatalog; path = "Preview Assets.xcassets"; sourceTree = "<group>"; };
		A13635F12AC76A3C00E6FFF8 /* MyKeyboard.swift */ = {isa = PBXFileReference; lastKnownFileType = sourcecode.swift; path = MyKeyboard.swift; sourceTree = "<group>"; };
		A13635F32AC76A6600E6FFF8 /* KeyboardStyle.swift */ = {isa = PBXFileReference; lastKnownFileType = sourcecode.swift; path = KeyboardStyle.swift; sourceTree = "<group>"; };
		A13635F72AC76CDB00E6FFF8 /* KeyboardToolbar.swift */ = {isa = PBXFileReference; lastKnownFileType = sourcecode.swift; path = KeyboardToolbar.swift; sourceTree = "<group>"; };
		A1A79E232ACB3D7E00528F70 /* Home.swift */ = {isa = PBXFileReference; lastKnownFileType = sourcecode.swift; path = Home.swift; sourceTree = "<group>"; };
		A1A79E252ACB7D7700528F70 /* file.json */ = {isa = PBXFileReference; lastKnownFileType = text.json; path = file.json; sourceTree = "<group>"; };
		A1A79E272ACB7E8600528F70 /* file2.json */ = {isa = PBXFileReference; lastKnownFileType = text.json; path = file2.json; sourceTree = "<group>"; };
/* End PBXFileReference section */

/* Begin PBXFrameworksBuildPhase section */
		A13635DD2AC769B200E6FFF8 /* Frameworks */ = {
			isa = PBXFrameworksBuildPhase;
			buildActionMask = 2147483647;
			files = (
			);
			runOnlyForDeploymentPostprocessing = 0;
		};
/* End PBXFrameworksBuildPhase section */

/* Begin PBXGroup section */
		A13635D72AC769B200E6FFF8 = {
			isa = PBXGroup;
			children = (
				A13635E22AC769B200E6FFF8 /* Keyboard */,
				A13635E12AC769B200E6FFF8 /* Products */,
			);
			sourceTree = "<group>";
		};
		A13635E12AC769B200E6FFF8 /* Products */ = {
			isa = PBXGroup;
			children = (
				A13635E02AC769B200E6FFF8 /* Keyboard.app */,
			);
			name = Products;
			sourceTree = "<group>";
		};
		A13635E22AC769B200E6FFF8 /* Keyboard */ = {
			isa = PBXGroup;
			children = (
				E71660AF2AD8868100D261ED /* TextfieldFocus */,
				A1A79E222ACB3D6F00528F70 /* View */,
				A13635F62AC76C5100E6FFF8 /* Component */,
				A13635F52AC76C4D00E6FFF8 /* Toolbar */,
				A13635E32AC769B200E6FFF8 /* KeyboardApp.swift */,
				A13635E52AC769B200E6FFF8 /* ContentView.swift */,
				A13635E72AC769B400E6FFF8 /* Assets.xcassets */,
				A13635E92AC769B400E6FFF8 /* Preview Content */,
			);
			path = Keyboard;
			sourceTree = "<group>";
		};
		A13635E92AC769B400E6FFF8 /* Preview Content */ = {
			isa = PBXGroup;
			children = (
				A13635EA2AC769B400E6FFF8 /* Preview Assets.xcassets */,
			);
			path = "Preview Content";
			sourceTree = "<group>";
		};
		A13635F52AC76C4D00E6FFF8 /* Toolbar */ = {
			isa = PBXGroup;
			children = (
				A13635F72AC76CDB00E6FFF8 /* KeyboardToolbar.swift */,
			);
			path = Toolbar;
			sourceTree = "<group>";
		};
		A13635F62AC76C5100E6FFF8 /* Component */ = {
			isa = PBXGroup;
			children = (
				A13635F12AC76A3C00E6FFF8 /* MyKeyboard.swift */,
				A13635F32AC76A6600E6FFF8 /* KeyboardStyle.swift */,
			);
			path = Component;
			sourceTree = "<group>";
		};
		A1A79E222ACB3D6F00528F70 /* View */ = {
			isa = PBXGroup;
			children = (
				A1A79E232ACB3D7E00528F70 /* Home.swift */,
				A1A79E252ACB7D7700528F70 /* file.json */,
				A1A79E272ACB7E8600528F70 /* file2.json */,
			);
			path = View;
			sourceTree = "<group>";
		};
		E71660AF2AD8868100D261ED /* TextfieldFocus */ = {
			isa = PBXGroup;
			children = (
			);
			path = TextfieldFocus;
			sourceTree = "<group>";
		};
/* End PBXGroup section */

/* Begin PBXNativeTarget section */
		A13635DF2AC769B200E6FFF8 /* Keyboard */ = {
			isa = PBXNativeTarget;
			buildConfigurationList = A13635EE2AC769B400E6FFF8 /* Build configuration list for PBXNativeTarget "Keyboard" */;
			buildPhases = (
				A13635DC2AC769B200E6FFF8 /* Sources */,
				A13635DD2AC769B200E6FFF8 /* Frameworks */,
				A13635DE2AC769B200E6FFF8 /* Resources */,
			);
			buildRules = (
			);
			dependencies = (
			);
			name = Keyboard;
			productName = Keyboard;
			productReference = A13635E02AC769B200E6FFF8 /* Keyboard.app */;
			productType = "com.apple.product-type.application";
		};
/* End PBXNativeTarget section */

/* Begin PBXProject section */
		A13635D82AC769B200E6FFF8 /* Project object */ = {
			isa = PBXProject;
			attributes = {
				BuildIndependentTargetsInParallel = 1;
				LastSwiftUpdateCheck = 1430;
				LastUpgradeCheck = 1430;
				TargetAttributes = {
					A13635DF2AC769B200E6FFF8 = {
						CreatedOnToolsVersion = 14.3.1;
					};
				};
			};
			buildConfigurationList = A13635DB2AC769B200E6FFF8 /* Build configuration list for PBXProject "Keyboard" */;
			compatibilityVersion = "Xcode 14.0";
			developmentRegion = en;
			hasScannedForEncodings = 0;
			knownRegions = (
				en,
				Base,
			);
			mainGroup = A13635D72AC769B200E6FFF8;
			productRefGroup = A13635E12AC769B200E6FFF8 /* Products */;
			projectDirPath = "";
			projectRoot = "";
			targets = (
				A13635DF2AC769B200E6FFF8 /* Keyboard */,
			);
		};
/* End PBXProject section */

/* Begin PBXResourcesBuildPhase section */
		A13635DE2AC769B200E6FFF8 /* Resources */ = {
			isa = PBXResourcesBuildPhase;
			buildActionMask = 2147483647;
			files = (
				A1A79E282ACB7E8600528F70 /* file2.json in Resources */,
				A1A79E262ACB7D7700528F70 /* file.json in Resources */,
				A13635EB2AC769B400E6FFF8 /* Preview Assets.xcassets in Resources */,
				A13635E82AC769B400E6FFF8 /* Assets.xcassets in Resources */,
			);
			runOnlyForDeploymentPostprocessing = 0;
		};
/* End PBXResourcesBuildPhase section */

/* Begin PBXSourcesBuildPhase section */
		A13635DC2AC769B200E6FFF8 /* Sources */ = {
			isa = PBXSourcesBuildPhase;
			buildActionMask = 2147483647;
			files = (
				A13635F42AC76A6600E6FFF8 /* KeyboardStyle.swift in Sources */,
				A13635F82AC76CDB00E6FFF8 /* KeyboardToolbar.swift in Sources */,
				A13635E62AC769B200E6FFF8 /* ContentView.swift in Sources */,
				A13635F22AC76A3C00E6FFF8 /* MyKeyboard.swift in Sources */,
				A1A79E242ACB3D7E00528F70 /* Home.swift in Sources */,
				A13635E42AC769B200E6FFF8 /* KeyboardApp.swift in Sources */,
			);
			runOnlyForDeploymentPostprocessing = 0;
		};
/* End PBXSourcesBuildPhase section */

/* Begin XCBuildConfiguration section */
		A13635EC2AC769B400E6FFF8 /* Debug */ = {
			isa = XCBuildConfiguration;
			buildSettings = {
				ALWAYS_SEARCH_USER_PATHS = NO;
				CLANG_ANALYZER_NONNULL = YES;
				CLANG_ANALYZER_NUMBER_OBJECT_CONVERSION = YES_AGGRESSIVE;
				CLANG_CXX_LANGUAGE_STANDARD = "gnu++20";
				CLANG_ENABLE_MODULES = YES;
				CLANG_ENABLE_OBJC_ARC = YES;
				CLANG_ENABLE_OBJC_WEAK = YES;
				CLANG_WARN_BLOCK_CAPTURE_AUTORELEASING = YES;
				CLANG_WARN_BOOL_CONVERSION = YES;
				CLANG_WARN_COMMA = YES;
				CLANG_WARN_CONSTANT_CONVERSION = YES;
				CLANG_WARN_DEPRECATED_OBJC_IMPLEMENTATIONS = YES;
				CLANG_WARN_DIRECT_OBJC_ISA_USAGE = YES_ERROR;
				CLANG_WARN_DOCUMENTATION_COMMENTS = YES;
				CLANG_WARN_EMPTY_BODY = YES;
				CLANG_WARN_ENUM_CONVERSION = YES;
				CLANG_WARN_INFINITE_RECURSION = YES;
				CLANG_WARN_INT_CONVERSION = YES;
				CLANG_WARN_NON_LITERAL_NULL_CONVERSION = YES;
				CLANG_WARN_OBJC_IMPLICIT_RETAIN_SELF = YES;
				CLANG_WARN_OBJC_LITERAL_CONVERSION = YES;
				CLANG_WARN_OBJC_ROOT_CLASS = YES_ERROR;
				CLANG_WARN_QUOTED_INCLUDE_IN_FRAMEWORK_HEADER = YES;
				CLANG_WARN_RANGE_LOOP_ANALYSIS = YES;
				CLANG_WARN_STRICT_PROTOTYPES = YES;
				CLANG_WARN_SUSPICIOUS_MOVE = YES;
				CLANG_WARN_UNGUARDED_AVAILABILITY = YES_AGGRESSIVE;
				CLANG_WARN_UNREACHABLE_CODE = YES;
				CLANG_WARN__DUPLICATE_METHOD_MATCH = YES;
				COPY_PHASE_STRIP = NO;
				DEBUG_INFORMATION_FORMAT = dwarf;
				ENABLE_STRICT_OBJC_MSGSEND = YES;
				ENABLE_TESTABILITY = YES;
				GCC_C_LANGUAGE_STANDARD = gnu11;
				GCC_DYNAMIC_NO_PIC = NO;
				GCC_NO_COMMON_BLOCKS = YES;
				GCC_OPTIMIZATION_LEVEL = 0;
				GCC_PREPROCESSOR_DEFINITIONS = (
					"DEBUG=1",
					"$(inherited)",
				);
				GCC_WARN_64_TO_32_BIT_CONVERSION = YES;
				GCC_WARN_ABOUT_RETURN_TYPE = YES_ERROR;
				GCC_WARN_UNDECLARED_SELECTOR = YES;
				GCC_WARN_UNINITIALIZED_AUTOS = YES_AGGRESSIVE;
				GCC_WARN_UNUSED_FUNCTION = YES;
				GCC_WARN_UNUSED_VARIABLE = YES;
				IPHONEOS_DEPLOYMENT_TARGET = 16.4;
				MTL_ENABLE_DEBUG_INFO = INCLUDE_SOURCE;
				MTL_FAST_MATH = YES;
				ONLY_ACTIVE_ARCH = YES;
				SDKROOT = iphoneos;
				SWIFT_ACTIVE_COMPILATION_CONDITIONS = DEBUG;
				SWIFT_OPTIMIZATION_LEVEL = "-Onone";
			};
			name = Debug;
		};
		A13635ED2AC769B400E6FFF8 /* Release */ = {
			isa = XCBuildConfiguration;
			buildSettings = {
				ALWAYS_SEARCH_USER_PATHS = NO;
				CLANG_ANALYZER_NONNULL = YES;
				CLANG_ANALYZER_NUMBER_OBJECT_CONVERSION = YES_AGGRESSIVE;
				CLANG_CXX_LANGUAGE_STANDARD = "gnu++20";
				CLANG_ENABLE_MODULES = YES;
				CLANG_ENABLE_OBJC_ARC = YES;
				CLANG_ENABLE_OBJC_WEAK = YES;
				CLANG_WARN_BLOCK_CAPTURE_AUTORELEASING = YES;
				CLANG_WARN_BOOL_CONVERSION = YES;
				CLANG_WARN_COMMA = YES;
				CLANG_WARN_CONSTANT_CONVERSION = YES;
				CLANG_WARN_DEPRECATED_OBJC_IMPLEMENTATIONS = YES;
				CLANG_WARN_DIRECT_OBJC_ISA_USAGE = YES_ERROR;
				CLANG_WARN_DOCUMENTATION_COMMENTS = YES;
				CLANG_WARN_EMPTY_BODY = YES;
				CLANG_WARN_ENUM_CONVERSION = YES;
				CLANG_WARN_INFINITE_RECURSION = YES;
				CLANG_WARN_INT_CONVERSION = YES;
				CLANG_WARN_NON_LITERAL_NULL_CONVERSION = YES;
				CLANG_WARN_OBJC_IMPLICIT_RETAIN_SELF = YES;
				CLANG_WARN_OBJC_LITERAL_CONVERSION = YES;
				CLANG_WARN_OBJC_ROOT_CLASS = YES_ERROR;
				CLANG_WARN_QUOTED_INCLUDE_IN_FRAMEWORK_HEADER = YES;
				CLANG_WARN_RANGE_LOOP_ANALYSIS = YES;
				CLANG_WARN_STRICT_PROTOTYPES = YES;
				CLANG_WARN_SUSPICIOUS_MOVE = YES;
				CLANG_WARN_UNGUARDED_AVAILABILITY = YES_AGGRESSIVE;
				CLANG_WARN_UNREACHABLE_CODE = YES;
				CLANG_WARN__DUPLICATE_METHOD_MATCH = YES;
				COPY_PHASE_STRIP = NO;
				DEBUG_INFORMATION_FORMAT = "dwarf-with-dsym";
				ENABLE_NS_ASSERTIONS = NO;
				ENABLE_STRICT_OBJC_MSGSEND = YES;
				GCC_C_LANGUAGE_STANDARD = gnu11;
				GCC_NO_COMMON_BLOCKS = YES;
				GCC_WARN_64_TO_32_BIT_CONVERSION = YES;
				GCC_WARN_ABOUT_RETURN_TYPE = YES_ERROR;
				GCC_WARN_UNDECLARED_SELECTOR = YES;
				GCC_WARN_UNINITIALIZED_AUTOS = YES_AGGRESSIVE;
				GCC_WARN_UNUSED_FUNCTION = YES;
				GCC_WARN_UNUSED_VARIABLE = YES;
				IPHONEOS_DEPLOYMENT_TARGET = 16.4;
				MTL_ENABLE_DEBUG_INFO = NO;
				MTL_FAST_MATH = YES;
				SDKROOT = iphoneos;
				SWIFT_COMPILATION_MODE = wholemodule;
				SWIFT_OPTIMIZATION_LEVEL = "-O";
				VALIDATE_PRODUCT = YES;
			};
			name = Release;
		};
		A13635EF2AC769B400E6FFF8 /* Debug */ = {
			isa = XCBuildConfiguration;
			buildSettings = {
				ASSETCATALOG_COMPILER_APPICON_NAME = AppIcon;
				ASSETCATALOG_COMPILER_GLOBAL_ACCENT_COLOR_NAME = AccentColor;
				CODE_SIGN_STYLE = Automatic;
				CURRENT_PROJECT_VERSION = 1;
				DEVELOPMENT_ASSET_PATHS = "\"Keyboard/Preview Content\"";
				DEVELOPMENT_TEAM = 6PT9Z5J23V;
				ENABLE_PREVIEWS = YES;
				GENERATE_INFOPLIST_FILE = YES;
				INFOPLIST_KEY_UIApplicationSceneManifest_Generation = YES;
				INFOPLIST_KEY_UIApplicationSupportsIndirectInputEvents = YES;
				INFOPLIST_KEY_UILaunchScreen_Generation = YES;
				INFOPLIST_KEY_UISupportedInterfaceOrientations_iPad = "UIInterfaceOrientationPortrait UIInterfaceOrientationPortraitUpsideDown UIInterfaceOrientationLandscapeLeft UIInterfaceOrientationLandscapeRight";
				INFOPLIST_KEY_UISupportedInterfaceOrientations_iPhone = "UIInterfaceOrientationPortrait UIInterfaceOrientationLandscapeLeft UIInterfaceOrientationLandscapeRight";
				LD_RUNPATH_SEARCH_PATHS = (
					"$(inherited)",
					"@executable_path/Frameworks",
				);
				MARKETING_VERSION = 1.0;
				PRODUCT_BUNDLE_IDENTIFIER = keyboard.com.heber.Keyboard;
				PRODUCT_NAME = "$(TARGET_NAME)";
				SWIFT_EMIT_LOC_STRINGS = YES;
				SWIFT_VERSION = 5.0;
				TARGETED_DEVICE_FAMILY = "1,2";
			};
			name = Debug;
		};
		A13635F02AC769B400E6FFF8 /* Release */ = {
			isa = XCBuildConfiguration;
			buildSettings = {
				ASSETCATALOG_COMPILER_APPICON_NAME = AppIcon;
				ASSETCATALOG_COMPILER_GLOBAL_ACCENT_COLOR_NAME = AccentColor;
				CODE_SIGN_STYLE = Automatic;
				CURRENT_PROJECT_VERSION = 1;
				DEVELOPMENT_ASSET_PATHS = "\"Keyboard/Preview Content\"";
				DEVELOPMENT_TEAM = 6PT9Z5J23V;
				ENABLE_PREVIEWS = YES;
				GENERATE_INFOPLIST_FILE = YES;
				INFOPLIST_KEY_UIApplicationSceneManifest_Generation = YES;
				INFOPLIST_KEY_UIApplicationSupportsIndirectInputEvents = YES;
				INFOPLIST_KEY_UILaunchScreen_Generation = YES;
				INFOPLIST_KEY_UISupportedInterfaceOrientations_iPad = "UIInterfaceOrientationPortrait UIInterfaceOrientationPortraitUpsideDown UIInterfaceOrientationLandscapeLeft UIInterfaceOrientationLandscapeRight";
				INFOPLIST_KEY_UISupportedInterfaceOrientations_iPhone = "UIInterfaceOrientationPortrait UIInterfaceOrientationLandscapeLeft UIInterfaceOrientationLandscapeRight";
				LD_RUNPATH_SEARCH_PATHS = (
					"$(inherited)",
					"@executable_path/Frameworks",
				);
				MARKETING_VERSION = 1.0;
				PRODUCT_BUNDLE_IDENTIFIER = keyboard.com.heber.Keyboard;
				PRODUCT_NAME = "$(TARGET_NAME)";
				SWIFT_EMIT_LOC_STRINGS = YES;
				SWIFT_VERSION = 5.0;
				TARGETED_DEVICE_FAMILY = "1,2";
			};
			name = Release;
		};
/* End XCBuildConfiguration section */

/* Begin XCConfigurationList section */
		A13635DB2AC769B200E6FFF8 /* Build configuration list for PBXProject "Keyboard" */ = {
			isa = XCConfigurationList;
			buildConfigurations = (
				A13635EC2AC769B400E6FFF8 /* Debug */,
				A13635ED2AC769B400E6FFF8 /* Release */,
			);
			defaultConfigurationIsVisible = 0;
			defaultConfigurationName = Release;
		};
		A13635EE2AC769B400E6FFF8 /* Build configuration list for PBXNativeTarget "Keyboard" */ = {
			isa = XCConfigurationList;
			buildConfigurations = (
				A13635EF2AC769B400E6FFF8 /* Debug */,
				A13635F02AC769B400E6FFF8 /* Release */,
			);
			defaultConfigurationIsVisible = 0;
			defaultConfigurationName = Release;
		};
/* End XCConfigurationList section */
	};
	rootObject = A13635D82AC769B200E6FFF8 /* Project object */;
}
