// !$*UTF8*$!
{
	archiveVersion = 1;
	classes = {
	};
	objectVersion = 56;
	objects = {

/* Begin PBXBuildFile section */
		A10BC9AE2A882C5200F173D9 /* Constant.swift in Sources */ = {isa = PBXBuildFile; fileRef = A10BC9AD2A882C5200F173D9 /* Constant.swift */; };
		A10BC9B12A882D4D00F173D9 /* Network.swift in Sources */ = {isa = PBXBuildFile; fileRef = A10BC9B02A882D4D00F173D9 /* Network.swift */; };
		A10BC9B32A882F4400F173D9 /* RepositoryListViewModel.swift in Sources */ = {isa = PBXBuildFile; fileRef = A10BC9B22A882F4400F173D9 /* RepositoryListViewModel.swift */; };
		A10BC9B52A8834AB00F173D9 /* RepositoryViewModel.swift in Sources */ = {isa = PBXBuildFile; fileRef = A10BC9B42A8834AB00F173D9 /* RepositoryViewModel.swift */; };
		A11812ED2A5C8F7B000A122F /* GitHubAppApp.swift in Sources */ = {isa = PBXBuildFile; fileRef = A11812EC2A5C8F7B000A122F /* GitHubAppApp.swift */; };
		A11812EF2A5C8F7B000A122F /* ContentView.swift in Sources */ = {isa = PBXBuildFile; fileRef = A11812EE2A5C8F7B000A122F /* ContentView.swift */; };
		A11812F12A5C8F7C000A122F /* Assets.xcassets in Resources */ = {isa = PBXBuildFile; fileRef = A11812F02A5C8F7C000A122F /* Assets.xcassets */; };
		A11812F42A5C8F7C000A122F /* Preview Assets.xcassets in Resources */ = {isa = PBXBuildFile; fileRef = A11812F32A5C8F7C000A122F /* Preview Assets.xcassets */; };
		A11812FC2A5CA17D000A122F /* Apollo in Frameworks */ = {isa = PBXBuildFile; productRef = A11812FB2A5CA17D000A122F /* Apollo */; };
		A11812FE2A5CA6A4000A122F /* MyQuery.graphql in Resources */ = {isa = PBXBuildFile; fileRef = A11812FD2A5CA6A4000A122F /* MyQuery.graphql */; };
		A118130A2A5CB692000A122F /* GitHubAppSchema.package in Resources */ = {isa = PBXBuildFile; fileRef = A11813092A5CB691000A122F /* GitHubAppSchema.package */; };
		A118130D2A5CB6B0000A122F /* GitHubAppSchema in Frameworks */ = {isa = PBXBuildFile; productRef = A118130C2A5CB6B0000A122F /* GitHubAppSchema */; };
/* End PBXBuildFile section */

/* Begin PBXFileReference section */
		A10BC9AD2A882C5200F173D9 /* Constant.swift */ = {isa = PBXFileReference; lastKnownFileType = sourcecode.swift; path = Constant.swift; sourceTree = "<group>"; };
		A10BC9B02A882D4D00F173D9 /* Network.swift */ = {isa = PBXFileReference; lastKnownFileType = sourcecode.swift; path = Network.swift; sourceTree = "<group>"; };
		A10BC9B22A882F4400F173D9 /* RepositoryListViewModel.swift */ = {isa = PBXFileReference; lastKnownFileType = sourcecode.swift; path = RepositoryListViewModel.swift; sourceTree = "<group>"; };
		A10BC9B42A8834AB00F173D9 /* RepositoryViewModel.swift */ = {isa = PBXFileReference; lastKnownFileType = sourcecode.swift; path = RepositoryViewModel.swift; sourceTree = "<group>"; };
		A11812E92A5C8F7B000A122F /* GitHubApp.app */ = {isa = PBXFileReference; explicitFileType = wrapper.application; includeInIndex = 0; path = GitHubApp.app; sourceTree = BUILT_PRODUCTS_DIR; };
		A11812EC2A5C8F7B000A122F /* GitHubAppApp.swift */ = {isa = PBXFileReference; lastKnownFileType = sourcecode.swift; path = GitHubAppApp.swift; sourceTree = "<group>"; };
		A11812EE2A5C8F7B000A122F /* ContentView.swift */ = {isa = PBXFileReference; lastKnownFileType = sourcecode.swift; path = ContentView.swift; sourceTree = "<group>"; };
		A11812F02A5C8F7C000A122F /* Assets.xcassets */ = {isa = PBXFileReference; lastKnownFileType = folder.assetcatalog; path = Assets.xcassets; sourceTree = "<group>"; };
		A11812F32A5C8F7C000A122F /* Preview Assets.xcassets */ = {isa = PBXFileReference; lastKnownFileType = folder.assetcatalog; path = "Preview Assets.xcassets"; sourceTree = "<group>"; };
		A11812FD2A5CA6A4000A122F /* MyQuery.graphql */ = {isa = PBXFileReference; lastKnownFileType = text; path = MyQuery.graphql; sourceTree = "<group>"; };
		A11813092A5CB691000A122F /* GitHubAppSchema.package */ = {isa = PBXFileReference; lastKnownFileType = wrapper; path = GitHubAppSchema.package; sourceTree = "<group>"; };
/* End PBXFileReference section */

/* Begin PBXFrameworksBuildPhase section */
		A11812E62A5C8F7B000A122F /* Frameworks */ = {
			isa = PBXFrameworksBuildPhase;
			buildActionMask = 2147483647;
			files = (
				A118130D2A5CB6B0000A122F /* GitHubAppSchema in Frameworks */,
				A11812FC2A5CA17D000A122F /* Apollo in Frameworks */,
			);
			runOnlyForDeploymentPostprocessing = 0;
		};
/* End PBXFrameworksBuildPhase section */

/* Begin PBXGroup section */
		A10BC9A72A882BEC00F173D9 /* Models */ = {
			isa = PBXGroup;
			children = (
			);
			path = Models;
			sourceTree = "<group>";
		};
		A10BC9A82A882BF000F173D9 /* Views */ = {
			isa = PBXGroup;
			children = (
			);
			path = Views;
			sourceTree = "<group>";
		};
		A10BC9A92A882C2100F173D9 /* Pages */ = {
			isa = PBXGroup;
			children = (
				A11812EE2A5C8F7B000A122F /* ContentView.swift */,
			);
			path = Pages;
			sourceTree = "<group>";
		};
		A10BC9AA2A882C2B00F173D9 /* ViewModels */ = {
			isa = PBXGroup;
			children = (
				A10BC9B22A882F4400F173D9 /* RepositoryListViewModel.swift */,
				A10BC9B42A8834AB00F173D9 /* RepositoryViewModel.swift */,
			);
			path = ViewModels;
			sourceTree = "<group>";
		};
		A10BC9AB2A882C3400F173D9 /* Extensions */ = {
			isa = PBXGroup;
			children = (
			);
			path = Extensions;
			sourceTree = "<group>";
		};
		A10BC9AC2A882C4400F173D9 /* Utils */ = {
			isa = PBXGroup;
			children = (
				A10BC9AD2A882C5200F173D9 /* Constant.swift */,
			);
			path = Utils;
			sourceTree = "<group>";
		};
		A10BC9AF2A882D4200F173D9 /* Network */ = {
			isa = PBXGroup;
			children = (
				A10BC9B02A882D4D00F173D9 /* Network.swift */,
			);
			path = Network;
			sourceTree = "<group>";
		};
		A11812E02A5C8F7B000A122F = {
			isa = PBXGroup;
			children = (
				A11813092A5CB691000A122F /* GitHubAppSchema.package */,
				A11812EB2A5C8F7B000A122F /* GitHubApp */,
				A11812EA2A5C8F7B000A122F /* Products */,
				A118130B2A5CB6B0000A122F /* Frameworks */,
			);
			sourceTree = "<group>";
		};
		A11812EA2A5C8F7B000A122F /* Products */ = {
			isa = PBXGroup;
			children = (
				A11812E92A5C8F7B000A122F /* GitHubApp.app */,
			);
			name = Products;
			sourceTree = "<group>";
		};
		A11812EB2A5C8F7B000A122F /* GitHubApp */ = {
			isa = PBXGroup;
			children = (
				A10BC9AF2A882D4200F173D9 /* Network */,
				A10BC9A72A882BEC00F173D9 /* Models */,
				A10BC9A82A882BF000F173D9 /* Views */,
				A10BC9A92A882C2100F173D9 /* Pages */,
				A10BC9AA2A882C2B00F173D9 /* ViewModels */,
				A10BC9AB2A882C3400F173D9 /* Extensions */,
				A10BC9AC2A882C4400F173D9 /* Utils */,
				A11812EC2A5C8F7B000A122F /* GitHubAppApp.swift */,
				A11812F02A5C8F7C000A122F /* Assets.xcassets */,
				A11812F22A5C8F7C000A122F /* Preview Content */,
				A11812FD2A5CA6A4000A122F /* MyQuery.graphql */,
			);
			path = GitHubApp;
			sourceTree = "<group>";
		};
		A11812F22A5C8F7C000A122F /* Preview Content */ = {
			isa = PBXGroup;
			children = (
				A11812F32A5C8F7C000A122F /* Preview Assets.xcassets */,
			);
			path = "Preview Content";
			sourceTree = "<group>";
		};
		A118130B2A5CB6B0000A122F /* Frameworks */ = {
			isa = PBXGroup;
			children = (
			);
			name = Frameworks;
			sourceTree = "<group>";
		};
/* End PBXGroup section */

/* Begin PBXNativeTarget section */
		A11812E82A5C8F7B000A122F /* GitHubApp */ = {
			isa = PBXNativeTarget;
			buildConfigurationList = A11812F72A5C8F7C000A122F /* Build configuration list for PBXNativeTarget "GitHubApp" */;
			buildPhases = (
				A11812E52A5C8F7B000A122F /* Sources */,
				A11812E62A5C8F7B000A122F /* Frameworks */,
				A11812E72A5C8F7B000A122F /* Resources */,
			);
			buildRules = (
			);
			dependencies = (
			);
			name = GitHubApp;
			packageProductDependencies = (
				A11812FB2A5CA17D000A122F /* Apollo */,
				A118130C2A5CB6B0000A122F /* GitHubAppSchema */,
			);
			productName = GitHubApp;
			productReference = A11812E92A5C8F7B000A122F /* GitHubApp.app */;
			productType = "com.apple.product-type.application";
		};
/* End PBXNativeTarget section */

/* Begin PBXProject section */
		A11812E12A5C8F7B000A122F /* Project object */ = {
			isa = PBXProject;
			attributes = {
				BuildIndependentTargetsInParallel = 1;
				LastSwiftUpdateCheck = 1420;
				LastUpgradeCheck = 1420;
				TargetAttributes = {
					A11812E82A5C8F7B000A122F = {
						CreatedOnToolsVersion = 14.2;
					};
				};
			};
			buildConfigurationList = A11812E42A5C8F7B000A122F /* Build configuration list for PBXProject "GitHubApp" */;
			compatibilityVersion = "Xcode 14.0";
			developmentRegion = en;
			hasScannedForEncodings = 0;
			knownRegions = (
				en,
				Base,
			);
			mainGroup = A11812E02A5C8F7B000A122F;
			packageReferences = (
				A11812FA2A5CA17D000A122F /* XCRemoteSwiftPackageReference "apollo-ios" */,
			);
			productRefGroup = A11812EA2A5C8F7B000A122F /* Products */;
			projectDirPath = "";
			projectRoot = "";
			targets = (
				A11812E82A5C8F7B000A122F /* GitHubApp */,
			);
		};
/* End PBXProject section */

/* Begin PBXResourcesBuildPhase section */
		A11812E72A5C8F7B000A122F /* Resources */ = {
			isa = PBXResourcesBuildPhase;
			buildActionMask = 2147483647;
			files = (
				A11812FE2A5CA6A4000A122F /* MyQuery.graphql in Resources */,
				A11812F42A5C8F7C000A122F /* Preview Assets.xcassets in Resources */,
				A118130A2A5CB692000A122F /* GitHubAppSchema.package in Resources */,
				A11812F12A5C8F7C000A122F /* Assets.xcassets in Resources */,
			);
			runOnlyForDeploymentPostprocessing = 0;
		};
/* End PBXResourcesBuildPhase section */

/* Begin PBXSourcesBuildPhase section */
		A11812E52A5C8F7B000A122F /* Sources */ = {
			isa = PBXSourcesBuildPhase;
			buildActionMask = 2147483647;
			files = (
				A11812EF2A5C8F7B000A122F /* ContentView.swift in Sources */,
				A11812ED2A5C8F7B000A122F /* GitHubAppApp.swift in Sources */,
				A10BC9B52A8834AB00F173D9 /* RepositoryViewModel.swift in Sources */,
				A10BC9B12A882D4D00F173D9 /* Network.swift in Sources */,
				A10BC9AE2A882C5200F173D9 /* Constant.swift in Sources */,
				A10BC9B32A882F4400F173D9 /* RepositoryListViewModel.swift in Sources */,
			);
			runOnlyForDeploymentPostprocessing = 0;
		};
/* End PBXSourcesBuildPhase section */

/* Begin XCBuildConfiguration section */
		A11812F52A5C8F7C000A122F /* Debug */ = {
			isa = XCBuildConfiguration;
			buildSettings = {
				ALWAYS_SEARCH_USER_PATHS = NO;
				CLANG_ANALYZER_NONNULL = YES;
				CLANG_ANALYZER_NUMBER_OBJECT_CONVERSION = YES_AGGRESSIVE;
				CLANG_CXX_LANGUAGE_STANDARD = "gnu++20";
				CLANG_ENABLE_MODULES = YES;
				CLANG_ENABLE_OBJC_ARC = YES;
				CLANG_ENABLE_OBJC_WEAK = YES;
				CLANG_WARN_BLOCK_CAPTURE_AUTORELEASING = YES;
				CLANG_WARN_BOOL_CONVERSION = YES;
				CLANG_WARN_COMMA = YES;
				CLANG_WARN_CONSTANT_CONVERSION = YES;
				CLANG_WARN_DEPRECATED_OBJC_IMPLEMENTATIONS = YES;
				CLANG_WARN_DIRECT_OBJC_ISA_USAGE = YES_ERROR;
				CLANG_WARN_DOCUMENTATION_COMMENTS = YES;
				CLANG_WARN_EMPTY_BODY = YES;
				CLANG_WARN_ENUM_CONVERSION = YES;
				CLANG_WARN_INFINITE_RECURSION = YES;
				CLANG_WARN_INT_CONVERSION = YES;
				CLANG_WARN_NON_LITERAL_NULL_CONVERSION = YES;
				CLANG_WARN_OBJC_IMPLICIT_RETAIN_SELF = YES;
				CLANG_WARN_OBJC_LITERAL_CONVERSION = YES;
				CLANG_WARN_OBJC_ROOT_CLASS = YES_ERROR;
				CLANG_WARN_QUOTED_INCLUDE_IN_FRAMEWORK_HEADER = YES;
				CLANG_WARN_RANGE_LOOP_ANALYSIS = YES;
				CLANG_WARN_STRICT_PROTOTYPES = YES;
				CLANG_WARN_SUSPICIOUS_MOVE = YES;
				CLANG_WARN_UNGUARDED_AVAILABILITY = YES_AGGRESSIVE;
				CLANG_WARN_UNREACHABLE_CODE = YES;
				CLANG_WARN__DUPLICATE_METHOD_MATCH = YES;
				COPY_PHASE_STRIP = NO;
				DEBUG_INFORMATION_FORMAT = dwarf;
				ENABLE_STRICT_OBJC_MSGSEND = YES;
				ENABLE_TESTABILITY = YES;
				GCC_C_LANGUAGE_STANDARD = gnu11;
				GCC_DYNAMIC_NO_PIC = NO;
				GCC_NO_COMMON_BLOCKS = YES;
				GCC_OPTIMIZATION_LEVEL = 0;
				GCC_PREPROCESSOR_DEFINITIONS = (
					"DEBUG=1",
					"$(inherited)",
				);
				GCC_WARN_64_TO_32_BIT_CONVERSION = YES;
				GCC_WARN_ABOUT_RETURN_TYPE = YES_ERROR;
				GCC_WARN_UNDECLARED_SELECTOR = YES;
				GCC_WARN_UNINITIALIZED_AUTOS = YES_AGGRESSIVE;
				GCC_WARN_UNUSED_FUNCTION = YES;
				GCC_WARN_UNUSED_VARIABLE = YES;
				IPHONEOS_DEPLOYMENT_TARGET = 16.2;
				MTL_ENABLE_DEBUG_INFO = INCLUDE_SOURCE;
				MTL_FAST_MATH = YES;
				ONLY_ACTIVE_ARCH = YES;
				SDKROOT = iphoneos;
				SWIFT_ACTIVE_COMPILATION_CONDITIONS = DEBUG;
				SWIFT_OPTIMIZATION_LEVEL = "-Onone";
			};
			name = Debug;
		};
		A11812F62A5C8F7C000A122F /* Release */ = {
			isa = XCBuildConfiguration;
			buildSettings = {
				ALWAYS_SEARCH_USER_PATHS = NO;
				CLANG_ANALYZER_NONNULL = YES;
				CLANG_ANALYZER_NUMBER_OBJECT_CONVERSION = YES_AGGRESSIVE;
				CLANG_CXX_LANGUAGE_STANDARD = "gnu++20";
				CLANG_ENABLE_MODULES = YES;
				CLANG_ENABLE_OBJC_ARC = YES;
				CLANG_ENABLE_OBJC_WEAK = YES;
				CLANG_WARN_BLOCK_CAPTURE_AUTORELEASING = YES;
				CLANG_WARN_BOOL_CONVERSION = YES;
				CLANG_WARN_COMMA = YES;
				CLANG_WARN_CONSTANT_CONVERSION = YES;
				CLANG_WARN_DEPRECATED_OBJC_IMPLEMENTATIONS = YES;
				CLANG_WARN_DIRECT_OBJC_ISA_USAGE = YES_ERROR;
				CLANG_WARN_DOCUMENTATION_COMMENTS = YES;
				CLANG_WARN_EMPTY_BODY = YES;
				CLANG_WARN_ENUM_CONVERSION = YES;
				CLANG_WARN_INFINITE_RECURSION = YES;
				CLANG_WARN_INT_CONVERSION = YES;
				CLANG_WARN_NON_LITERAL_NULL_CONVERSION = YES;
				CLANG_WARN_OBJC_IMPLICIT_RETAIN_SELF = YES;
				CLANG_WARN_OBJC_LITERAL_CONVERSION = YES;
				CLANG_WARN_OBJC_ROOT_CLASS = YES_ERROR;
				CLANG_WARN_QUOTED_INCLUDE_IN_FRAMEWORK_HEADER = YES;
				CLANG_WARN_RANGE_LOOP_ANALYSIS = YES;
				CLANG_WARN_STRICT_PROTOTYPES = YES;
				CLANG_WARN_SUSPICIOUS_MOVE = YES;
				CLANG_WARN_UNGUARDED_AVAILABILITY = YES_AGGRESSIVE;
				CLANG_WARN_UNREACHABLE_CODE = YES;
				CLANG_WARN__DUPLICATE_METHOD_MATCH = YES;
				COPY_PHASE_STRIP = NO;
				DEBUG_INFORMATION_FORMAT = "dwarf-with-dsym";
				ENABLE_NS_ASSERTIONS = NO;
				ENABLE_STRICT_OBJC_MSGSEND = YES;
				GCC_C_LANGUAGE_STANDARD = gnu11;
				GCC_NO_COMMON_BLOCKS = YES;
				GCC_WARN_64_TO_32_BIT_CONVERSION = YES;
				GCC_WARN_ABOUT_RETURN_TYPE = YES_ERROR;
				GCC_WARN_UNDECLARED_SELECTOR = YES;
				GCC_WARN_UNINITIALIZED_AUTOS = YES_AGGRESSIVE;
				GCC_WARN_UNUSED_FUNCTION = YES;
				GCC_WARN_UNUSED_VARIABLE = YES;
				IPHONEOS_DEPLOYMENT_TARGET = 16.2;
				MTL_ENABLE_DEBUG_INFO = NO;
				MTL_FAST_MATH = YES;
				SDKROOT = iphoneos;
				SWIFT_COMPILATION_MODE = wholemodule;
				SWIFT_OPTIMIZATION_LEVEL = "-O";
				VALIDATE_PRODUCT = YES;
			};
			name = Release;
		};
		A11812F82A5C8F7C000A122F /* Debug */ = {
			isa = XCBuildConfiguration;
			buildSettings = {
				ASSETCATALOG_COMPILER_APPICON_NAME = AppIcon;
				ASSETCATALOG_COMPILER_GLOBAL_ACCENT_COLOR_NAME = AccentColor;
				CODE_SIGN_STYLE = Automatic;
				CURRENT_PROJECT_VERSION = 1;
				DEVELOPMENT_ASSET_PATHS = "\"GitHubApp/Preview Content\"";
				DEVELOPMENT_TEAM = Y3ZCMF2WPJ;
				ENABLE_PREVIEWS = YES;
				GENERATE_INFOPLIST_FILE = YES;
				INFOPLIST_KEY_UIApplicationSceneManifest_Generation = YES;
				INFOPLIST_KEY_UIApplicationSupportsIndirectInputEvents = YES;
				INFOPLIST_KEY_UILaunchScreen_Generation = YES;
				INFOPLIST_KEY_UISupportedInterfaceOrientations_iPad = "UIInterfaceOrientationPortrait UIInterfaceOrientationPortraitUpsideDown UIInterfaceOrientationLandscapeLeft UIInterfaceOrientationLandscapeRight";
				INFOPLIST_KEY_UISupportedInterfaceOrientations_iPhone = "UIInterfaceOrientationPortrait UIInterfaceOrientationLandscapeLeft UIInterfaceOrientationLandscapeRight";
				LD_RUNPATH_SEARCH_PATHS = (
					"$(inherited)",
					"@executable_path/Frameworks",
				);
				MARKETING_VERSION = 1.0;
				PRODUCT_BUNDLE_IDENTIFIER = "github-graphql.com.heber.GitHubApp";
				PRODUCT_NAME = "$(TARGET_NAME)";
				SWIFT_EMIT_LOC_STRINGS = YES;
				SWIFT_VERSION = 5.0;
				TARGETED_DEVICE_FAMILY = "1,2";
			};
			name = Debug;
		};
		A11812F92A5C8F7C000A122F /* Release */ = {
			isa = XCBuildConfiguration;
			buildSettings = {
				ASSETCATALOG_COMPILER_APPICON_NAME = AppIcon;
				ASSETCATALOG_COMPILER_GLOBAL_ACCENT_COLOR_NAME = AccentColor;
				CODE_SIGN_STYLE = Automatic;
				CURRENT_PROJECT_VERSION = 1;
				DEVELOPMENT_ASSET_PATHS = "\"GitHubApp/Preview Content\"";
				DEVELOPMENT_TEAM = Y3ZCMF2WPJ;
				ENABLE_PREVIEWS = YES;
				GENERATE_INFOPLIST_FILE = YES;
				INFOPLIST_KEY_UIApplicationSceneManifest_Generation = YES;
				INFOPLIST_KEY_UIApplicationSupportsIndirectInputEvents = YES;
				INFOPLIST_KEY_UILaunchScreen_Generation = YES;
				INFOPLIST_KEY_UISupportedInterfaceOrientations_iPad = "UIInterfaceOrientationPortrait UIInterfaceOrientationPortraitUpsideDown UIInterfaceOrientationLandscapeLeft UIInterfaceOrientationLandscapeRight";
				INFOPLIST_KEY_UISupportedInterfaceOrientations_iPhone = "UIInterfaceOrientationPortrait UIInterfaceOrientationLandscapeLeft UIInterfaceOrientationLandscapeRight";
				LD_RUNPATH_SEARCH_PATHS = (
					"$(inherited)",
					"@executable_path/Frameworks",
				);
				MARKETING_VERSION = 1.0;
				PRODUCT_BUNDLE_IDENTIFIER = "github-graphql.com.heber.GitHubApp";
				PRODUCT_NAME = "$(TARGET_NAME)";
				SWIFT_EMIT_LOC_STRINGS = YES;
				SWIFT_VERSION = 5.0;
				TARGETED_DEVICE_FAMILY = "1,2";
			};
			name = Release;
		};
/* End XCBuildConfiguration section */

/* Begin XCConfigurationList section */
		A11812E42A5C8F7B000A122F /* Build configuration list for PBXProject "GitHubApp" */ = {
			isa = XCConfigurationList;
			buildConfigurations = (
				A11812F52A5C8F7C000A122F /* Debug */,
				A11812F62A5C8F7C000A122F /* Release */,
			);
			defaultConfigurationIsVisible = 0;
			defaultConfigurationName = Release;
		};
		A11812F72A5C8F7C000A122F /* Build configuration list for PBXNativeTarget "GitHubApp" */ = {
			isa = XCConfigurationList;
			buildConfigurations = (
				A11812F82A5C8F7C000A122F /* Debug */,
				A11812F92A5C8F7C000A122F /* Release */,
			);
			defaultConfigurationIsVisible = 0;
			defaultConfigurationName = Release;
		};
/* End XCConfigurationList section */

/* Begin XCRemoteSwiftPackageReference section */
		A11812FA2A5CA17D000A122F /* XCRemoteSwiftPackageReference "apollo-ios" */ = {
			isa = XCRemoteSwiftPackageReference;
			repositoryURL = "https://github.com/apollographql/apollo-ios.git";
			requirement = {
				kind = upToNextMajorVersion;
				minimumVersion = 1.0.0;
			};
		};
/* End XCRemoteSwiftPackageReference section */

/* Begin XCSwiftPackageProductDependency section */
		A11812FB2A5CA17D000A122F /* Apollo */ = {
			isa = XCSwiftPackageProductDependency;
			package = A11812FA2A5CA17D000A122F /* XCRemoteSwiftPackageReference "apollo-ios" */;
			productName = Apollo;
		};
		A118130C2A5CB6B0000A122F /* GitHubAppSchema */ = {
			isa = XCSwiftPackageProductDependency;
			productName = GitHubAppSchema;
		};
/* End XCSwiftPackageProductDependency section */
	};
	rootObject = A11812E12A5C8F7B000A122F /* Project object */;
}
