// !$*UTF8*$!
{
	archiveVersion = 1;
	classes = {
	};
	objectVersion = 56;
	objects = {

/* Begin PBXBuildFile section */
		A1A844BF2A8C9E8700A325FB /* MoviesAppApp.swift in Sources */ = {isa = PBXBuildFile; fileRef = A1A844BE2A8C9E8700A325FB /* MoviesAppApp.swift */; };
		A1A844C12A8C9E8700A325FB /* ContentView.swift in Sources */ = {isa = PBXBuildFile; fileRef = A1A844C02A8C9E8700A325FB /* ContentView.swift */; };
		A1A844C32A8C9E8900A325FB /* Assets.xcassets in Resources */ = {isa = PBXBuildFile; fileRef = A1A844C22A8C9E8900A325FB /* Assets.xcassets */; };
		A1A844C62A8C9E8900A325FB /* Preview Assets.xcassets in Resources */ = {isa = PBXBuildFile; fileRef = A1A844C52A8C9E8900A325FB /* Preview Assets.xcassets */; };
		A1A845052A8CA21E00A325FB /* String+Extensions.swift in Sources */ = {isa = PBXBuildFile; fileRef = A1A845042A8CA21E00A325FB /* String+Extensions.swift */; };
		A1A845072A8CA22500A325FB /* View+Extensions.swift in Sources */ = {isa = PBXBuildFile; fileRef = A1A845062A8CA22500A325FB /* View+Extensions.swift */; };
		A1A845182A8CA2AB00A325FB /* Queries.graphql in Resources */ = {isa = PBXBuildFile; fileRef = A1A845152A8CA2AB00A325FB /* Queries.graphql */; };
		A1A845192A8CA2AB00A325FB /* Apollo.swift in Sources */ = {isa = PBXBuildFile; fileRef = A1A845162A8CA2AB00A325FB /* Apollo.swift */; };
		A1A8451B2A8CA2DA00A325FB /* ImageLoader.swift in Sources */ = {isa = PBXBuildFile; fileRef = A1A8451A2A8CA2DA00A325FB /* ImageLoader.swift */; };
		A1A8451E2A8CA2EE00A325FB /* MovieListScreen.swift in Sources */ = {isa = PBXBuildFile; fileRef = A1A8451C2A8CA2EE00A325FB /* MovieListScreen.swift */; };
		A1A8451F2A8CA2EE00A325FB /* AddMovieScreen.swift in Sources */ = {isa = PBXBuildFile; fileRef = A1A8451D2A8CA2EE00A325FB /* AddMovieScreen.swift */; };
		A1A845222A8CA30E00A325FB /* Constants.swift in Sources */ = {isa = PBXBuildFile; fileRef = A1A845212A8CA30E00A325FB /* Constants.swift */; };
		A1A845272A8CA31F00A325FB /* MovieListView.swift in Sources */ = {isa = PBXBuildFile; fileRef = A1A845232A8CA31F00A325FB /* MovieListView.swift */; };
		A1A845282A8CA31F00A325FB /* URLImage.swift in Sources */ = {isa = PBXBuildFile; fileRef = A1A845242A8CA31F00A325FB /* URLImage.swift */; };
		A1A845292A8CA31F00A325FB /* NoResultView.swift in Sources */ = {isa = PBXBuildFile; fileRef = A1A845252A8CA31F00A325FB /* NoResultView.swift */; };
		A1A8452A2A8CA31F00A325FB /* FartCounter.swift in Sources */ = {isa = PBXBuildFile; fileRef = A1A845262A8CA31F00A325FB /* FartCounter.swift */; };
/* End PBXBuildFile section */

/* Begin PBXFileReference section */
		A1A844BB2A8C9E8700A325FB /* MoviesApp.app */ = {isa = PBXFileReference; explicitFileType = wrapper.application; includeInIndex = 0; path = MoviesApp.app; sourceTree = BUILT_PRODUCTS_DIR; };
		A1A844BE2A8C9E8700A325FB /* MoviesAppApp.swift */ = {isa = PBXFileReference; lastKnownFileType = sourcecode.swift; path = MoviesAppApp.swift; sourceTree = "<group>"; };
		A1A844C02A8C9E8700A325FB /* ContentView.swift */ = {isa = PBXFileReference; lastKnownFileType = sourcecode.swift; path = ContentView.swift; sourceTree = "<group>"; };
		A1A844C22A8C9E8900A325FB /* Assets.xcassets */ = {isa = PBXFileReference; lastKnownFileType = folder.assetcatalog; path = Assets.xcassets; sourceTree = "<group>"; };
		A1A844C52A8C9E8900A325FB /* Preview Assets.xcassets */ = {isa = PBXFileReference; lastKnownFileType = folder.assetcatalog; path = "Preview Assets.xcassets"; sourceTree = "<group>"; };
		A1A845042A8CA21E00A325FB /* String+Extensions.swift */ = {isa = PBXFileReference; fileEncoding = 4; lastKnownFileType = sourcecode.swift; name = "String+Extensions.swift"; path = "../../../../../../Downloads/MoviesApp/MoviesApp/Extensions/String+Extensions.swift"; sourceTree = "<group>"; };
		A1A845062A8CA22500A325FB /* View+Extensions.swift */ = {isa = PBXFileReference; fileEncoding = 4; lastKnownFileType = sourcecode.swift; name = "View+Extensions.swift"; path = "../../../../../../Downloads/MoviesApp/MoviesApp/Extensions/View+Extensions.swift"; sourceTree = "<group>"; };
		A1A845152A8CA2AB00A325FB /* Queries.graphql */ = {isa = PBXFileReference; fileEncoding = 4; lastKnownFileType = text; name = Queries.graphql; path = ../../../../../../Downloads/MoviesApp/MoviesApp/GraphQL/Queries.graphql; sourceTree = "<group>"; };
		A1A845162A8CA2AB00A325FB /* Apollo.swift */ = {isa = PBXFileReference; fileEncoding = 4; lastKnownFileType = sourcecode.swift; name = Apollo.swift; path = ../../../../../../Downloads/MoviesApp/MoviesApp/GraphQL/Apollo.swift; sourceTree = "<group>"; };
		A1A8451A2A8CA2DA00A325FB /* ImageLoader.swift */ = {isa = PBXFileReference; fileEncoding = 4; lastKnownFileType = sourcecode.swift; name = ImageLoader.swift; path = ../../../../../../Downloads/MoviesApp/MoviesApp/Loaders/ImageLoader.swift; sourceTree = "<group>"; };
		A1A8451C2A8CA2EE00A325FB /* MovieListScreen.swift */ = {isa = PBXFileReference; fileEncoding = 4; lastKnownFileType = sourcecode.swift; name = MovieListScreen.swift; path = ../../../../../../Downloads/MoviesApp/MoviesApp/Screens/MovieListScreen.swift; sourceTree = "<group>"; };
		A1A8451D2A8CA2EE00A325FB /* AddMovieScreen.swift */ = {isa = PBXFileReference; fileEncoding = 4; lastKnownFileType = sourcecode.swift; name = AddMovieScreen.swift; path = ../../../../../../Downloads/MoviesApp/MoviesApp/Screens/AddMovieScreen.swift; sourceTree = "<group>"; };
		A1A845212A8CA30E00A325FB /* Constants.swift */ = {isa = PBXFileReference; fileEncoding = 4; lastKnownFileType = sourcecode.swift; name = Constants.swift; path = ../../../../../../Downloads/MoviesApp/MoviesApp/Utils/Constants.swift; sourceTree = "<group>"; };
		A1A845232A8CA31F00A325FB /* MovieListView.swift */ = {isa = PBXFileReference; fileEncoding = 4; lastKnownFileType = sourcecode.swift; name = MovieListView.swift; path = ../../../../../../Downloads/MoviesApp/MoviesApp/Views/MovieListView.swift; sourceTree = "<group>"; };
		A1A845242A8CA31F00A325FB /* URLImage.swift */ = {isa = PBXFileReference; fileEncoding = 4; lastKnownFileType = sourcecode.swift; name = URLImage.swift; path = ../../../../../../Downloads/MoviesApp/MoviesApp/Views/URLImage.swift; sourceTree = "<group>"; };
		A1A845252A8CA31F00A325FB /* NoResultView.swift */ = {isa = PBXFileReference; fileEncoding = 4; lastKnownFileType = sourcecode.swift; name = NoResultView.swift; path = ../../../../../../Downloads/MoviesApp/MoviesApp/Views/NoResultView.swift; sourceTree = "<group>"; };
		A1A845262A8CA31F00A325FB /* FartCounter.swift */ = {isa = PBXFileReference; fileEncoding = 4; lastKnownFileType = sourcecode.swift; name = FartCounter.swift; path = ../../../../../../Downloads/MoviesApp/MoviesApp/Views/FartCounter.swift; sourceTree = "<group>"; };
/* End PBXFileReference section */

/* Begin PBXFrameworksBuildPhase section */
		A1A844B82A8C9E8700A325FB /* Frameworks */ = {
			isa = PBXFrameworksBuildPhase;
			buildActionMask = 2147483647;
			files = (
			);
			runOnlyForDeploymentPostprocessing = 0;
		};
/* End PBXFrameworksBuildPhase section */

/* Begin PBXGroup section */
		A1A844B22A8C9E8700A325FB = {
			isa = PBXGroup;
			children = (
				A1A844BD2A8C9E8700A325FB /* MoviesApp */,
				A1A844BC2A8C9E8700A325FB /* Products */,
			);
			sourceTree = "<group>";
		};
		A1A844BC2A8C9E8700A325FB /* Products */ = {
			isa = PBXGroup;
			children = (
				A1A844BB2A8C9E8700A325FB /* MoviesApp.app */,
			);
			name = Products;
			sourceTree = "<group>";
		};
		A1A844BD2A8C9E8700A325FB /* MoviesApp */ = {
			isa = PBXGroup;
			children = (
				A1A845032A8CA20500A325FB /* Extensions */,
				A1A845082A8CA23200A325FB /* GraphQL */,
				A1A845132A8CA25100A325FB /* Loaders */,
				A1A845122A8CA25000A325FB /* Models */,
				A1A845112A8CA24E00A325FB /* Screens */,
				A1A845102A8CA24D00A325FB /* Services */,
				A1A8450F2A8CA24C00A325FB /* Utils */,
				A1A8450E2A8CA24A00A325FB /* ViewModels */,
				A1A8450D2A8CA24900A325FB /* Views */,
				A1A844BE2A8C9E8700A325FB /* MoviesAppApp.swift */,
				A1A844C02A8C9E8700A325FB /* ContentView.swift */,
				A1A844C22A8C9E8900A325FB /* Assets.xcassets */,
				A1A844C42A8C9E8900A325FB /* Preview Content */,
			);
			path = MoviesApp;
			sourceTree = "<group>";
		};
		A1A844C42A8C9E8900A325FB /* Preview Content */ = {
			isa = PBXGroup;
			children = (
				A1A844C52A8C9E8900A325FB /* Preview Assets.xcassets */,
			);
			path = "Preview Content";
			sourceTree = "<group>";
		};
		A1A845032A8CA20500A325FB /* Extensions */ = {
			isa = PBXGroup;
			children = (
				A1A845042A8CA21E00A325FB /* String+Extensions.swift */,
				A1A845062A8CA22500A325FB /* View+Extensions.swift */,
			);
			path = Extensions;
			sourceTree = "<group>";
		};
		A1A845082A8CA23200A325FB /* GraphQL */ = {
			isa = PBXGroup;
			children = (
				A1A845162A8CA2AB00A325FB /* Apollo.swift */,
				A1A845152A8CA2AB00A325FB /* Queries.graphql */,
			);
			path = GraphQL;
			sourceTree = "<group>";
		};
		A1A8450D2A8CA24900A325FB /* Views */ = {
			isa = PBXGroup;
			children = (
				A1A845262A8CA31F00A325FB /* FartCounter.swift */,
				A1A845232A8CA31F00A325FB /* MovieListView.swift */,
				A1A845252A8CA31F00A325FB /* NoResultView.swift */,
				A1A845242A8CA31F00A325FB /* URLImage.swift */,
			);
			path = Views;
			sourceTree = "<group>";
		};
		A1A8450E2A8CA24A00A325FB /* ViewModels */ = {
			isa = PBXGroup;
			children = (
			);
			path = ViewModels;
			sourceTree = "<group>";
		};
		A1A8450F2A8CA24C00A325FB /* Utils */ = {
			isa = PBXGroup;
			children = (
				A1A845212A8CA30E00A325FB /* Constants.swift */,
			);
			path = Utils;
			sourceTree = "<group>";
		};
		A1A845102A8CA24D00A325FB /* Services */ = {
			isa = PBXGroup;
			children = (
			);
			path = Services;
			sourceTree = "<group>";
		};
		A1A845112A8CA24E00A325FB /* Screens */ = {
			isa = PBXGroup;
			children = (
				A1A8451D2A8CA2EE00A325FB /* AddMovieScreen.swift */,
				A1A8451C2A8CA2EE00A325FB /* MovieListScreen.swift */,
			);
			path = Screens;
			sourceTree = "<group>";
		};
		A1A845122A8CA25000A325FB /* Models */ = {
			isa = PBXGroup;
			children = (
			);
			path = Models;
			sourceTree = "<group>";
		};
		A1A845132A8CA25100A325FB /* Loaders */ = {
			isa = PBXGroup;
			children = (
				A1A8451A2A8CA2DA00A325FB /* ImageLoader.swift */,
			);
			path = Loaders;
			sourceTree = "<group>";
		};
/* End PBXGroup section */

/* Begin PBXNativeTarget section */
		A1A844BA2A8C9E8700A325FB /* MoviesApp */ = {
			isa = PBXNativeTarget;
			buildConfigurationList = A1A844C92A8C9E8900A325FB /* Build configuration list for PBXNativeTarget "MoviesApp" */;
			buildPhases = (
				A1A844B72A8C9E8700A325FB /* Sources */,
				A1A844B82A8C9E8700A325FB /* Frameworks */,
				A1A844B92A8C9E8700A325FB /* Resources */,
			);
			buildRules = (
			);
			dependencies = (
			);
			name = MoviesApp;
			productName = MoviesApp;
			productReference = A1A844BB2A8C9E8700A325FB /* MoviesApp.app */;
			productType = "com.apple.product-type.application";
		};
/* End PBXNativeTarget section */

/* Begin PBXProject section */
		A1A844B32A8C9E8700A325FB /* Project object */ = {
			isa = PBXProject;
			attributes = {
				BuildIndependentTargetsInParallel = 1;
				LastSwiftUpdateCheck = 1420;
				LastUpgradeCheck = 1420;
				TargetAttributes = {
					A1A844BA2A8C9E8700A325FB = {
						CreatedOnToolsVersion = 14.2;
					};
				};
			};
			buildConfigurationList = A1A844B62A8C9E8700A325FB /* Build configuration list for PBXProject "MoviesApp" */;
			compatibilityVersion = "Xcode 14.0";
			developmentRegion = en;
			hasScannedForEncodings = 0;
			knownRegions = (
				en,
				Base,
			);
			mainGroup = A1A844B22A8C9E8700A325FB;
			productRefGroup = A1A844BC2A8C9E8700A325FB /* Products */;
			projectDirPath = "";
			projectRoot = "";
			targets = (
				A1A844BA2A8C9E8700A325FB /* MoviesApp */,
			);
		};
/* End PBXProject section */

/* Begin PBXResourcesBuildPhase section */
		A1A844B92A8C9E8700A325FB /* Resources */ = {
			isa = PBXResourcesBuildPhase;
			buildActionMask = 2147483647;
			files = (
				A1A845182A8CA2AB00A325FB /* Queries.graphql in Resources */,
				A1A844C62A8C9E8900A325FB /* Preview Assets.xcassets in Resources */,
				A1A844C32A8C9E8900A325FB /* Assets.xcassets in Resources */,
			);
			runOnlyForDeploymentPostprocessing = 0;
		};
/* End PBXResourcesBuildPhase section */

/* Begin PBXSourcesBuildPhase section */
		A1A844B72A8C9E8700A325FB /* Sources */ = {
			isa = PBXSourcesBuildPhase;
			buildActionMask = 2147483647;
			files = (
				A1A8451F2A8CA2EE00A325FB /* AddMovieScreen.swift in Sources */,
				A1A8451E2A8CA2EE00A325FB /* MovieListScreen.swift in Sources */,
				A1A844C12A8C9E8700A325FB /* ContentView.swift in Sources */,
				A1A845052A8CA21E00A325FB /* String+Extensions.swift in Sources */,
				A1A845292A8CA31F00A325FB /* NoResultView.swift in Sources */,
				A1A8451B2A8CA2DA00A325FB /* ImageLoader.swift in Sources */,
				A1A845072A8CA22500A325FB /* View+Extensions.swift in Sources */,
				A1A844BF2A8C9E8700A325FB /* MoviesAppApp.swift in Sources */,
				A1A845272A8CA31F00A325FB /* MovieListView.swift in Sources */,
				A1A8452A2A8CA31F00A325FB /* FartCounter.swift in Sources */,
				A1A845192A8CA2AB00A325FB /* Apollo.swift in Sources */,
				A1A845222A8CA30E00A325FB /* Constants.swift in Sources */,
				A1A845282A8CA31F00A325FB /* URLImage.swift in Sources */,
			);
			runOnlyForDeploymentPostprocessing = 0;
		};
/* End PBXSourcesBuildPhase section */

/* Begin XCBuildConfiguration section */
		A1A844C72A8C9E8900A325FB /* Debug */ = {
			isa = XCBuildConfiguration;
			buildSettings = {
				ALWAYS_SEARCH_USER_PATHS = NO;
				CLANG_ANALYZER_NONNULL = YES;
				CLANG_ANALYZER_NUMBER_OBJECT_CONVERSION = YES_AGGRESSIVE;
				CLANG_CXX_LANGUAGE_STANDARD = "gnu++20";
				CLANG_ENABLE_MODULES = YES;
				CLANG_ENABLE_OBJC_ARC = YES;
				CLANG_ENABLE_OBJC_WEAK = YES;
				CLANG_WARN_BLOCK_CAPTURE_AUTORELEASING = YES;
				CLANG_WARN_BOOL_CONVERSION = YES;
				CLANG_WARN_COMMA = YES;
				CLANG_WARN_CONSTANT_CONVERSION = YES;
				CLANG_WARN_DEPRECATED_OBJC_IMPLEMENTATIONS = YES;
				CLANG_WARN_DIRECT_OBJC_ISA_USAGE = YES_ERROR;
				CLANG_WARN_DOCUMENTATION_COMMENTS = YES;
				CLANG_WARN_EMPTY_BODY = YES;
				CLANG_WARN_ENUM_CONVERSION = YES;
				CLANG_WARN_INFINITE_RECURSION = YES;
				CLANG_WARN_INT_CONVERSION = YES;
				CLANG_WARN_NON_LITERAL_NULL_CONVERSION = YES;
				CLANG_WARN_OBJC_IMPLICIT_RETAIN_SELF = YES;
				CLANG_WARN_OBJC_LITERAL_CONVERSION = YES;
				CLANG_WARN_OBJC_ROOT_CLASS = YES_ERROR;
				CLANG_WARN_QUOTED_INCLUDE_IN_FRAMEWORK_HEADER = YES;
				CLANG_WARN_RANGE_LOOP_ANALYSIS = YES;
				CLANG_WARN_STRICT_PROTOTYPES = YES;
				CLANG_WARN_SUSPICIOUS_MOVE = YES;
				CLANG_WARN_UNGUARDED_AVAILABILITY = YES_AGGRESSIVE;
				CLANG_WARN_UNREACHABLE_CODE = YES;
				CLANG_WARN__DUPLICATE_METHOD_MATCH = YES;
				COPY_PHASE_STRIP = NO;
				DEBUG_INFORMATION_FORMAT = dwarf;
				ENABLE_STRICT_OBJC_MSGSEND = YES;
				ENABLE_TESTABILITY = YES;
				GCC_C_LANGUAGE_STANDARD = gnu11;
				GCC_DYNAMIC_NO_PIC = NO;
				GCC_NO_COMMON_BLOCKS = YES;
				GCC_OPTIMIZATION_LEVEL = 0;
				GCC_PREPROCESSOR_DEFINITIONS = (
					"DEBUG=1",
					"$(inherited)",
				);
				GCC_WARN_64_TO_32_BIT_CONVERSION = YES;
				GCC_WARN_ABOUT_RETURN_TYPE = YES_ERROR;
				GCC_WARN_UNDECLARED_SELECTOR = YES;
				GCC_WARN_UNINITIALIZED_AUTOS = YES_AGGRESSIVE;
				GCC_WARN_UNUSED_FUNCTION = YES;
				GCC_WARN_UNUSED_VARIABLE = YES;
				IPHONEOS_DEPLOYMENT_TARGET = 16.2;
				MTL_ENABLE_DEBUG_INFO = INCLUDE_SOURCE;
				MTL_FAST_MATH = YES;
				ONLY_ACTIVE_ARCH = YES;
				SDKROOT = iphoneos;
				SWIFT_ACTIVE_COMPILATION_CONDITIONS = DEBUG;
				SWIFT_OPTIMIZATION_LEVEL = "-Onone";
			};
			name = Debug;
		};
		A1A844C82A8C9E8900A325FB /* Release */ = {
			isa = XCBuildConfiguration;
			buildSettings = {
				ALWAYS_SEARCH_USER_PATHS = NO;
				CLANG_ANALYZER_NONNULL = YES;
				CLANG_ANALYZER_NUMBER_OBJECT_CONVERSION = YES_AGGRESSIVE;
				CLANG_CXX_LANGUAGE_STANDARD = "gnu++20";
				CLANG_ENABLE_MODULES = YES;
				CLANG_ENABLE_OBJC_ARC = YES;
				CLANG_ENABLE_OBJC_WEAK = YES;
				CLANG_WARN_BLOCK_CAPTURE_AUTORELEASING = YES;
				CLANG_WARN_BOOL_CONVERSION = YES;
				CLANG_WARN_COMMA = YES;
				CLANG_WARN_CONSTANT_CONVERSION = YES;
				CLANG_WARN_DEPRECATED_OBJC_IMPLEMENTATIONS = YES;
				CLANG_WARN_DIRECT_OBJC_ISA_USAGE = YES_ERROR;
				CLANG_WARN_DOCUMENTATION_COMMENTS = YES;
				CLANG_WARN_EMPTY_BODY = YES;
				CLANG_WARN_ENUM_CONVERSION = YES;
				CLANG_WARN_INFINITE_RECURSION = YES;
				CLANG_WARN_INT_CONVERSION = YES;
				CLANG_WARN_NON_LITERAL_NULL_CONVERSION = YES;
				CLANG_WARN_OBJC_IMPLICIT_RETAIN_SELF = YES;
				CLANG_WARN_OBJC_LITERAL_CONVERSION = YES;
				CLANG_WARN_OBJC_ROOT_CLASS = YES_ERROR;
				CLANG_WARN_QUOTED_INCLUDE_IN_FRAMEWORK_HEADER = YES;
				CLANG_WARN_RANGE_LOOP_ANALYSIS = YES;
				CLANG_WARN_STRICT_PROTOTYPES = YES;
				CLANG_WARN_SUSPICIOUS_MOVE = YES;
				CLANG_WARN_UNGUARDED_AVAILABILITY = YES_AGGRESSIVE;
				CLANG_WARN_UNREACHABLE_CODE = YES;
				CLANG_WARN__DUPLICATE_METHOD_MATCH = YES;
				COPY_PHASE_STRIP = NO;
				DEBUG_INFORMATION_FORMAT = "dwarf-with-dsym";
				ENABLE_NS_ASSERTIONS = NO;
				ENABLE_STRICT_OBJC_MSGSEND = YES;
				GCC_C_LANGUAGE_STANDARD = gnu11;
				GCC_NO_COMMON_BLOCKS = YES;
				GCC_WARN_64_TO_32_BIT_CONVERSION = YES;
				GCC_WARN_ABOUT_RETURN_TYPE = YES_ERROR;
				GCC_WARN_UNDECLARED_SELECTOR = YES;
				GCC_WARN_UNINITIALIZED_AUTOS = YES_AGGRESSIVE;
				GCC_WARN_UNUSED_FUNCTION = YES;
				GCC_WARN_UNUSED_VARIABLE = YES;
				IPHONEOS_DEPLOYMENT_TARGET = 16.2;
				MTL_ENABLE_DEBUG_INFO = NO;
				MTL_FAST_MATH = YES;
				SDKROOT = iphoneos;
				SWIFT_COMPILATION_MODE = wholemodule;
				SWIFT_OPTIMIZATION_LEVEL = "-O";
				VALIDATE_PRODUCT = YES;
			};
			name = Release;
		};
		A1A844CA2A8C9E8900A325FB /* Debug */ = {
			isa = XCBuildConfiguration;
			buildSettings = {
				ASSETCATALOG_COMPILER_APPICON_NAME = AppIcon;
				ASSETCATALOG_COMPILER_GLOBAL_ACCENT_COLOR_NAME = AccentColor;
				CODE_SIGN_STYLE = Automatic;
				CURRENT_PROJECT_VERSION = 1;
				DEVELOPMENT_ASSET_PATHS = "\"MoviesApp/Preview Content\"";
				DEVELOPMENT_TEAM = Y3ZCMF2WPJ;
				ENABLE_PREVIEWS = YES;
				GENERATE_INFOPLIST_FILE = YES;
				INFOPLIST_KEY_UIApplicationSceneManifest_Generation = YES;
				INFOPLIST_KEY_UIApplicationSupportsIndirectInputEvents = YES;
				INFOPLIST_KEY_UILaunchScreen_Generation = YES;
				INFOPLIST_KEY_UISupportedInterfaceOrientations_iPad = "UIInterfaceOrientationPortrait UIInterfaceOrientationPortraitUpsideDown UIInterfaceOrientationLandscapeLeft UIInterfaceOrientationLandscapeRight";
				INFOPLIST_KEY_UISupportedInterfaceOrientations_iPhone = "UIInterfaceOrientationPortrait UIInterfaceOrientationLandscapeLeft UIInterfaceOrientationLandscapeRight";
				LD_RUNPATH_SEARCH_PATHS = (
					"$(inherited)",
					"@executable_path/Frameworks",
				);
				MARKETING_VERSION = 1.0;
				PRODUCT_BUNDLE_IDENTIFIER = "my-movies-graphql.com.heber.MoviesApp";
				PRODUCT_NAME = "$(TARGET_NAME)";
				SWIFT_EMIT_LOC_STRINGS = YES;
				SWIFT_VERSION = 5.0;
				TARGETED_DEVICE_FAMILY = "1,2";
			};
			name = Debug;
		};
		A1A844CB2A8C9E8900A325FB /* Release */ = {
			isa = XCBuildConfiguration;
			buildSettings = {
				ASSETCATALOG_COMPILER_APPICON_NAME = AppIcon;
				ASSETCATALOG_COMPILER_GLOBAL_ACCENT_COLOR_NAME = AccentColor;
				CODE_SIGN_STYLE = Automatic;
				CURRENT_PROJECT_VERSION = 1;
				DEVELOPMENT_ASSET_PATHS = "\"MoviesApp/Preview Content\"";
				DEVELOPMENT_TEAM = Y3ZCMF2WPJ;
				ENABLE_PREVIEWS = YES;
				GENERATE_INFOPLIST_FILE = YES;
				INFOPLIST_KEY_UIApplicationSceneManifest_Generation = YES;
				INFOPLIST_KEY_UIApplicationSupportsIndirectInputEvents = YES;
				INFOPLIST_KEY_UILaunchScreen_Generation = YES;
				INFOPLIST_KEY_UISupportedInterfaceOrientations_iPad = "UIInterfaceOrientationPortrait UIInterfaceOrientationPortraitUpsideDown UIInterfaceOrientationLandscapeLeft UIInterfaceOrientationLandscapeRight";
				INFOPLIST_KEY_UISupportedInterfaceOrientations_iPhone = "UIInterfaceOrientationPortrait UIInterfaceOrientationLandscapeLeft UIInterfaceOrientationLandscapeRight";
				LD_RUNPATH_SEARCH_PATHS = (
					"$(inherited)",
					"@executable_path/Frameworks",
				);
				MARKETING_VERSION = 1.0;
				PRODUCT_BUNDLE_IDENTIFIER = "my-movies-graphql.com.heber.MoviesApp";
				PRODUCT_NAME = "$(TARGET_NAME)";
				SWIFT_EMIT_LOC_STRINGS = YES;
				SWIFT_VERSION = 5.0;
				TARGETED_DEVICE_FAMILY = "1,2";
			};
			name = Release;
		};
/* End XCBuildConfiguration section */

/* Begin XCConfigurationList section */
		A1A844B62A8C9E8700A325FB /* Build configuration list for PBXProject "MoviesApp" */ = {
			isa = XCConfigurationList;
			buildConfigurations = (
				A1A844C72A8C9E8900A325FB /* Debug */,
				A1A844C82A8C9E8900A325FB /* Release */,
			);
			defaultConfigurationIsVisible = 0;
			defaultConfigurationName = Release;
		};
		A1A844C92A8C9E8900A325FB /* Build configuration list for PBXNativeTarget "MoviesApp" */ = {
			isa = XCConfigurationList;
			buildConfigurations = (
				A1A844CA2A8C9E8900A325FB /* Debug */,
				A1A844CB2A8C9E8900A325FB /* Release */,
			);
			defaultConfigurationIsVisible = 0;
			defaultConfigurationName = Release;
		};
/* End XCConfigurationList section */
	};
	rootObject = A1A844B32A8C9E8700A325FB /* Project object */;
}
