// !$*UTF8*$!
{
	archiveVersion = 1;
	classes = {
	};
	objectVersion = 56;
	objects = {

/* Begin PBXBuildFile section */
		A181345E2A37DDF2003807F6 /* WeatherViewModels.swift in Sources */ = {isa = PBXBuildFile; fileRef = A181345D2A37DDF2003807F6 /* WeatherViewModels.swift */; };
		A18134612A382DC2003807F6 /* WeatherNetwork.swift in Sources */ = {isa = PBXBuildFile; fileRef = A18134602A382DC2003807F6 /* WeatherNetwork.swift */; };
		A18134632A382EAE003807F6 /* WeatherDataManager.swift in Sources */ = {isa = PBXBuildFile; fileRef = A18134622A382EAE003807F6 /* WeatherDataManager.swift */; };
		A1A6DE742A3903170095E305 /* WeatherAppSchema in Resources */ = {isa = PBXBuildFile; fileRef = A1A6DE732A3903170095E305 /* WeatherAppSchema */; };
		A1A6DE762A3903A30095E305 /* apollo-ios-cli in Resources */ = {isa = PBXBuildFile; fileRef = A1A6DE752A3903A30095E305 /* apollo-ios-cli */; };
		A1A6DE782A3903B00095E305 /* WeatherAppSchema in Frameworks */ = {isa = PBXBuildFile; productRef = A1A6DE772A3903B00095E305 /* WeatherAppSchema */; };
		A1D341742A3782F20091F406 /* MyWeatherAppApp.swift in Sources */ = {isa = PBXBuildFile; fileRef = A1D341732A3782F20091F406 /* MyWeatherAppApp.swift */; };
		A1D341762A3782F20091F406 /* ContentView.swift in Sources */ = {isa = PBXBuildFile; fileRef = A1D341752A3782F20091F406 /* ContentView.swift */; };
		A1D341782A3782F30091F406 /* Assets.xcassets in Resources */ = {isa = PBXBuildFile; fileRef = A1D341772A3782F30091F406 /* Assets.xcassets */; };
		A1D3417B2A3782F30091F406 /* Preview Assets.xcassets in Resources */ = {isa = PBXBuildFile; fileRef = A1D3417A2A3782F30091F406 /* Preview Assets.xcassets */; };
		A1D341832A37884B0091F406 /* Apollo in Frameworks */ = {isa = PBXBuildFile; productRef = A1D341822A37884B0091F406 /* Apollo */; };
		A1D341852A37A57B0091F406 /* schema.graphqls in Resources */ = {isa = PBXBuildFile; fileRef = A1D341842A37A57B0091F406 /* schema.graphqls */; };
		A1D341882A37A6470091F406 /* WeatherByCoordinates.graphql in Resources */ = {isa = PBXBuildFile; fileRef = A1D341872A37A6470091F406 /* WeatherByCoordinates.graphql */; };
		A1E415712A3BA13B0084689D /* WeatherView.swift in Sources */ = {isa = PBXBuildFile; fileRef = A1E415702A3BA13B0084689D /* WeatherView.swift */; };
/* End PBXBuildFile section */

/* Begin PBXFileReference section */
		A181345D2A37DDF2003807F6 /* WeatherViewModels.swift */ = {isa = PBXFileReference; lastKnownFileType = sourcecode.swift; path = WeatherViewModels.swift; sourceTree = "<group>"; };
		A18134602A382DC2003807F6 /* WeatherNetwork.swift */ = {isa = PBXFileReference; lastKnownFileType = sourcecode.swift; path = WeatherNetwork.swift; sourceTree = "<group>"; };
		A18134622A382EAE003807F6 /* WeatherDataManager.swift */ = {isa = PBXFileReference; lastKnownFileType = sourcecode.swift; path = WeatherDataManager.swift; sourceTree = "<group>"; };
		A1A6DE732A3903170095E305 /* WeatherAppSchema */ = {isa = PBXFileReference; lastKnownFileType = wrapper; path = WeatherAppSchema; sourceTree = "<group>"; };
		A1A6DE752A3903A30095E305 /* apollo-ios-cli */ = {isa = PBXFileReference; lastKnownFileType = "compiled.mach-o.executable"; path = "apollo-ios-cli"; sourceTree = "<group>"; };
		A1D341702A3782F20091F406 /* MyWeatherApp.app */ = {isa = PBXFileReference; explicitFileType = wrapper.application; includeInIndex = 0; path = MyWeatherApp.app; sourceTree = BUILT_PRODUCTS_DIR; };
		A1D341732A3782F20091F406 /* MyWeatherAppApp.swift */ = {isa = PBXFileReference; lastKnownFileType = sourcecode.swift; path = MyWeatherAppApp.swift; sourceTree = "<group>"; };
		A1D341752A3782F20091F406 /* ContentView.swift */ = {isa = PBXFileReference; lastKnownFileType = sourcecode.swift; path = ContentView.swift; sourceTree = "<group>"; };
		A1D341772A3782F30091F406 /* Assets.xcassets */ = {isa = PBXFileReference; lastKnownFileType = folder.assetcatalog; path = Assets.xcassets; sourceTree = "<group>"; };
		A1D3417A2A3782F30091F406 /* Preview Assets.xcassets */ = {isa = PBXFileReference; lastKnownFileType = folder.assetcatalog; path = "Preview Assets.xcassets"; sourceTree = "<group>"; };
		A1D341842A37A57B0091F406 /* schema.graphqls */ = {isa = PBXFileReference; fileEncoding = 4; lastKnownFileType = text; path = schema.graphqls; sourceTree = "<group>"; };
		A1D341872A37A6470091F406 /* WeatherByCoordinates.graphql */ = {isa = PBXFileReference; lastKnownFileType = text; path = WeatherByCoordinates.graphql; sourceTree = "<group>"; };
		A1E415702A3BA13B0084689D /* WeatherView.swift */ = {isa = PBXFileReference; lastKnownFileType = sourcecode.swift; path = WeatherView.swift; sourceTree = "<group>"; };
/* End PBXFileReference section */

/* Begin PBXFrameworksBuildPhase section */
		A1D3416D2A3782F20091F406 /* Frameworks */ = {
			isa = PBXFrameworksBuildPhase;
			buildActionMask = 2147483647;
			files = (
				A1A6DE782A3903B00095E305 /* WeatherAppSchema in Frameworks */,
				A1D341832A37884B0091F406 /* Apollo in Frameworks */,
			);
			runOnlyForDeploymentPostprocessing = 0;
		};
/* End PBXFrameworksBuildPhase section */

/* Begin PBXGroup section */
		A181345C2A37DDE2003807F6 /* ViewModels */ = {
			isa = PBXGroup;
			children = (
				A181345D2A37DDF2003807F6 /* WeatherViewModels.swift */,
			);
			path = ViewModels;
			sourceTree = "<group>";
		};
		A181345F2A382DAC003807F6 /* Network */ = {
			isa = PBXGroup;
			children = (
				A18134602A382DC2003807F6 /* WeatherNetwork.swift */,
				A18134622A382EAE003807F6 /* WeatherDataManager.swift */,
			);
			path = Network;
			sourceTree = "<group>";
		};
		A1D341672A3782F20091F406 = {
			isa = PBXGroup;
			children = (
				A1A6DE732A3903170095E305 /* WeatherAppSchema */,
				A1A6DE752A3903A30095E305 /* apollo-ios-cli */,
				A1D341842A37A57B0091F406 /* schema.graphqls */,
				A1D341722A3782F20091F406 /* MyWeatherApp */,
				A1D341712A3782F20091F406 /* Products */,
				A1D341892A37ACD90091F406 /* Frameworks */,
			);
			sourceTree = "<group>";
		};
		A1D341712A3782F20091F406 /* Products */ = {
			isa = PBXGroup;
			children = (
				A1D341702A3782F20091F406 /* MyWeatherApp.app */,
			);
			name = Products;
			sourceTree = "<group>";
		};
		A1D341722A3782F20091F406 /* MyWeatherApp */ = {
			isa = PBXGroup;
			children = (
				A1E4156F2A3BA1310084689D /* Views */,
				A181345F2A382DAC003807F6 /* Network */,
				A181345C2A37DDE2003807F6 /* ViewModels */,
				A1D341862A37A5FD0091F406 /* Queries */,
				A1D341732A3782F20091F406 /* MyWeatherAppApp.swift */,
				A1D341752A3782F20091F406 /* ContentView.swift */,
				A1D341772A3782F30091F406 /* Assets.xcassets */,
				A1D341792A3782F30091F406 /* Preview Content */,
			);
			path = MyWeatherApp;
			sourceTree = "<group>";
		};
		A1D341792A3782F30091F406 /* Preview Content */ = {
			isa = PBXGroup;
			children = (
				A1D3417A2A3782F30091F406 /* Preview Assets.xcassets */,
			);
			path = "Preview Content";
			sourceTree = "<group>";
		};
		A1D341862A37A5FD0091F406 /* Queries */ = {
			isa = PBXGroup;
			children = (
				A1D341872A37A6470091F406 /* WeatherByCoordinates.graphql */,
			);
			path = Queries;
			sourceTree = "<group>";
		};
		A1D341892A37ACD90091F406 /* Frameworks */ = {
			isa = PBXGroup;
			children = (
			);
			name = Frameworks;
			sourceTree = "<group>";
		};
		A1E4156F2A3BA1310084689D /* Views */ = {
			isa = PBXGroup;
			children = (
				A1E415702A3BA13B0084689D /* WeatherView.swift */,
			);
			path = Views;
			sourceTree = "<group>";
		};
/* End PBXGroup section */

/* Begin PBXNativeTarget section */
		A1D3416F2A3782F20091F406 /* MyWeatherApp */ = {
			isa = PBXNativeTarget;
			buildConfigurationList = A1D3417E2A3782F30091F406 /* Build configuration list for PBXNativeTarget "MyWeatherApp" */;
			buildPhases = (
				A1D3416C2A3782F20091F406 /* Sources */,
				A1D3416D2A3782F20091F406 /* Frameworks */,
				A1D3416E2A3782F20091F406 /* Resources */,
			);
			buildRules = (
			);
			dependencies = (
			);
			name = MyWeatherApp;
			packageProductDependencies = (
				A1D341822A37884B0091F406 /* Apollo */,
				A1A6DE772A3903B00095E305 /* WeatherAppSchema */,
			);
			productName = MyWeatherApp;
			productReference = A1D341702A3782F20091F406 /* MyWeatherApp.app */;
			productType = "com.apple.product-type.application";
		};
/* End PBXNativeTarget section */

/* Begin PBXProject section */
		A1D341682A3782F20091F406 /* Project object */ = {
			isa = PBXProject;
			attributes = {
				BuildIndependentTargetsInParallel = 1;
				LastSwiftUpdateCheck = 1420;
				LastUpgradeCheck = 1420;
				TargetAttributes = {
					A1D3416F2A3782F20091F406 = {
						CreatedOnToolsVersion = 14.2;
					};
				};
			};
			buildConfigurationList = A1D3416B2A3782F20091F406 /* Build configuration list for PBXProject "MyWeatherApp" */;
			compatibilityVersion = "Xcode 14.0";
			developmentRegion = en;
			hasScannedForEncodings = 0;
			knownRegions = (
				en,
				Base,
			);
			mainGroup = A1D341672A3782F20091F406;
			packageReferences = (
				A1D341812A37884B0091F406 /* XCRemoteSwiftPackageReference "apollo-ios" */,
			);
			productRefGroup = A1D341712A3782F20091F406 /* Products */;
			projectDirPath = "";
			projectRoot = "";
			targets = (
				A1D3416F2A3782F20091F406 /* MyWeatherApp */,
			);
		};
/* End PBXProject section */

/* Begin PBXResourcesBuildPhase section */
		A1D3416E2A3782F20091F406 /* Resources */ = {
			isa = PBXResourcesBuildPhase;
			buildActionMask = 2147483647;
			files = (
				A1A6DE762A3903A30095E305 /* apollo-ios-cli in Resources */,
				A1D3417B2A3782F30091F406 /* Preview Assets.xcassets in Resources */,
				A1D341852A37A57B0091F406 /* schema.graphqls in Resources */,
				A1D341882A37A6470091F406 /* WeatherByCoordinates.graphql in Resources */,
				A1A6DE742A3903170095E305 /* WeatherAppSchema in Resources */,
				A1D341782A3782F30091F406 /* Assets.xcassets in Resources */,
			);
			runOnlyForDeploymentPostprocessing = 0;
		};
/* End PBXResourcesBuildPhase section */

/* Begin PBXSourcesBuildPhase section */
		A1D3416C2A3782F20091F406 /* Sources */ = {
			isa = PBXSourcesBuildPhase;
			buildActionMask = 2147483647;
			files = (
				A181345E2A37DDF2003807F6 /* WeatherViewModels.swift in Sources */,
				A18134612A382DC2003807F6 /* WeatherNetwork.swift in Sources */,
				A1D341762A3782F20091F406 /* ContentView.swift in Sources */,
				A1E415712A3BA13B0084689D /* WeatherView.swift in Sources */,
				A1D341742A3782F20091F406 /* MyWeatherAppApp.swift in Sources */,
				A18134632A382EAE003807F6 /* WeatherDataManager.swift in Sources */,
			);
			runOnlyForDeploymentPostprocessing = 0;
		};
/* End PBXSourcesBuildPhase section */

/* Begin XCBuildConfiguration section */
		A1D3417C2A3782F30091F406 /* Debug */ = {
			isa = XCBuildConfiguration;
			buildSettings = {
				ALWAYS_SEARCH_USER_PATHS = NO;
				CLANG_ANALYZER_NONNULL = YES;
				CLANG_ANALYZER_NUMBER_OBJECT_CONVERSION = YES_AGGRESSIVE;
				CLANG_CXX_LANGUAGE_STANDARD = "gnu++20";
				CLANG_ENABLE_MODULES = YES;
				CLANG_ENABLE_OBJC_ARC = YES;
				CLANG_ENABLE_OBJC_WEAK = YES;
				CLANG_WARN_BLOCK_CAPTURE_AUTORELEASING = YES;
				CLANG_WARN_BOOL_CONVERSION = YES;
				CLANG_WARN_COMMA = YES;
				CLANG_WARN_CONSTANT_CONVERSION = YES;
				CLANG_WARN_DEPRECATED_OBJC_IMPLEMENTATIONS = YES;
				CLANG_WARN_DIRECT_OBJC_ISA_USAGE = YES_ERROR;
				CLANG_WARN_DOCUMENTATION_COMMENTS = YES;
				CLANG_WARN_EMPTY_BODY = YES;
				CLANG_WARN_ENUM_CONVERSION = YES;
				CLANG_WARN_INFINITE_RECURSION = YES;
				CLANG_WARN_INT_CONVERSION = YES;
				CLANG_WARN_NON_LITERAL_NULL_CONVERSION = YES;
				CLANG_WARN_OBJC_IMPLICIT_RETAIN_SELF = YES;
				CLANG_WARN_OBJC_LITERAL_CONVERSION = YES;
				CLANG_WARN_OBJC_ROOT_CLASS = YES_ERROR;
				CLANG_WARN_QUOTED_INCLUDE_IN_FRAMEWORK_HEADER = YES;
				CLANG_WARN_RANGE_LOOP_ANALYSIS = YES;
				CLANG_WARN_STRICT_PROTOTYPES = YES;
				CLANG_WARN_SUSPICIOUS_MOVE = YES;
				CLANG_WARN_UNGUARDED_AVAILABILITY = YES_AGGRESSIVE;
				CLANG_WARN_UNREACHABLE_CODE = YES;
				CLANG_WARN__DUPLICATE_METHOD_MATCH = YES;
				COPY_PHASE_STRIP = NO;
				DEBUG_INFORMATION_FORMAT = dwarf;
				ENABLE_STRICT_OBJC_MSGSEND = YES;
				ENABLE_TESTABILITY = YES;
				GCC_C_LANGUAGE_STANDARD = gnu11;
				GCC_DYNAMIC_NO_PIC = NO;
				GCC_NO_COMMON_BLOCKS = YES;
				GCC_OPTIMIZATION_LEVEL = 0;
				GCC_PREPROCESSOR_DEFINITIONS = (
					"DEBUG=1",
					"$(inherited)",
				);
				GCC_WARN_64_TO_32_BIT_CONVERSION = YES;
				GCC_WARN_ABOUT_RETURN_TYPE = YES_ERROR;
				GCC_WARN_UNDECLARED_SELECTOR = YES;
				GCC_WARN_UNINITIALIZED_AUTOS = YES_AGGRESSIVE;
				GCC_WARN_UNUSED_FUNCTION = YES;
				GCC_WARN_UNUSED_VARIABLE = YES;
				IPHONEOS_DEPLOYMENT_TARGET = 16.2;
				MTL_ENABLE_DEBUG_INFO = INCLUDE_SOURCE;
				MTL_FAST_MATH = YES;
				ONLY_ACTIVE_ARCH = YES;
				SDKROOT = iphoneos;
				SWIFT_ACTIVE_COMPILATION_CONDITIONS = DEBUG;
				SWIFT_OPTIMIZATION_LEVEL = "-Onone";
			};
			name = Debug;
		};
		A1D3417D2A3782F30091F406 /* Release */ = {
			isa = XCBuildConfiguration;
			buildSettings = {
				ALWAYS_SEARCH_USER_PATHS = NO;
				CLANG_ANALYZER_NONNULL = YES;
				CLANG_ANALYZER_NUMBER_OBJECT_CONVERSION = YES_AGGRESSIVE;
				CLANG_CXX_LANGUAGE_STANDARD = "gnu++20";
				CLANG_ENABLE_MODULES = YES;
				CLANG_ENABLE_OBJC_ARC = YES;
				CLANG_ENABLE_OBJC_WEAK = YES;
				CLANG_WARN_BLOCK_CAPTURE_AUTORELEASING = YES;
				CLANG_WARN_BOOL_CONVERSION = YES;
				CLANG_WARN_COMMA = YES;
				CLANG_WARN_CONSTANT_CONVERSION = YES;
				CLANG_WARN_DEPRECATED_OBJC_IMPLEMENTATIONS = YES;
				CLANG_WARN_DIRECT_OBJC_ISA_USAGE = YES_ERROR;
				CLANG_WARN_DOCUMENTATION_COMMENTS = YES;
				CLANG_WARN_EMPTY_BODY = YES;
				CLANG_WARN_ENUM_CONVERSION = YES;
				CLANG_WARN_INFINITE_RECURSION = YES;
				CLANG_WARN_INT_CONVERSION = YES;
				CLANG_WARN_NON_LITERAL_NULL_CONVERSION = YES;
				CLANG_WARN_OBJC_IMPLICIT_RETAIN_SELF = YES;
				CLANG_WARN_OBJC_LITERAL_CONVERSION = YES;
				CLANG_WARN_OBJC_ROOT_CLASS = YES_ERROR;
				CLANG_WARN_QUOTED_INCLUDE_IN_FRAMEWORK_HEADER = YES;
				CLANG_WARN_RANGE_LOOP_ANALYSIS = YES;
				CLANG_WARN_STRICT_PROTOTYPES = YES;
				CLANG_WARN_SUSPICIOUS_MOVE = YES;
				CLANG_WARN_UNGUARDED_AVAILABILITY = YES_AGGRESSIVE;
				CLANG_WARN_UNREACHABLE_CODE = YES;
				CLANG_WARN__DUPLICATE_METHOD_MATCH = YES;
				COPY_PHASE_STRIP = NO;
				DEBUG_INFORMATION_FORMAT = "dwarf-with-dsym";
				ENABLE_NS_ASSERTIONS = NO;
				ENABLE_STRICT_OBJC_MSGSEND = YES;
				GCC_C_LANGUAGE_STANDARD = gnu11;
				GCC_NO_COMMON_BLOCKS = YES;
				GCC_WARN_64_TO_32_BIT_CONVERSION = YES;
				GCC_WARN_ABOUT_RETURN_TYPE = YES_ERROR;
				GCC_WARN_UNDECLARED_SELECTOR = YES;
				GCC_WARN_UNINITIALIZED_AUTOS = YES_AGGRESSIVE;
				GCC_WARN_UNUSED_FUNCTION = YES;
				GCC_WARN_UNUSED_VARIABLE = YES;
				IPHONEOS_DEPLOYMENT_TARGET = 16.2;
				MTL_ENABLE_DEBUG_INFO = NO;
				MTL_FAST_MATH = YES;
				SDKROOT = iphoneos;
				SWIFT_COMPILATION_MODE = wholemodule;
				SWIFT_OPTIMIZATION_LEVEL = "-O";
				VALIDATE_PRODUCT = YES;
			};
			name = Release;
		};
		A1D3417F2A3782F30091F406 /* Debug */ = {
			isa = XCBuildConfiguration;
			buildSettings = {
				ASSETCATALOG_COMPILER_APPICON_NAME = AppIcon;
				ASSETCATALOG_COMPILER_GLOBAL_ACCENT_COLOR_NAME = AccentColor;
				CODE_SIGN_STYLE = Automatic;
				CURRENT_PROJECT_VERSION = 1;
				DEVELOPMENT_ASSET_PATHS = "\"MyWeatherApp/Preview Content\"";
				DEVELOPMENT_TEAM = Y3ZCMF2WPJ;
				ENABLE_PREVIEWS = YES;
				GENERATE_INFOPLIST_FILE = YES;
				INFOPLIST_KEY_UIApplicationSceneManifest_Generation = YES;
				INFOPLIST_KEY_UIApplicationSupportsIndirectInputEvents = YES;
				INFOPLIST_KEY_UILaunchScreen_Generation = YES;
				INFOPLIST_KEY_UISupportedInterfaceOrientations_iPad = "UIInterfaceOrientationPortrait UIInterfaceOrientationPortraitUpsideDown UIInterfaceOrientationLandscapeLeft UIInterfaceOrientationLandscapeRight";
				INFOPLIST_KEY_UISupportedInterfaceOrientations_iPhone = "UIInterfaceOrientationPortrait UIInterfaceOrientationLandscapeLeft UIInterfaceOrientationLandscapeRight";
				LD_RUNPATH_SEARCH_PATHS = (
					"$(inherited)",
					"@executable_path/Frameworks",
				);
				MARKETING_VERSION = 1.0;
				PRODUCT_BUNDLE_IDENTIFIER = "myweatherapp-graphql.com.heber.MyWeatherApp";
				PRODUCT_NAME = "$(TARGET_NAME)";
				SWIFT_EMIT_LOC_STRINGS = YES;
				SWIFT_VERSION = 5.0;
				TARGETED_DEVICE_FAMILY = "1,2";
			};
			name = Debug;
		};
		A1D341802A3782F30091F406 /* Release */ = {
			isa = XCBuildConfiguration;
			buildSettings = {
				ASSETCATALOG_COMPILER_APPICON_NAME = AppIcon;
				ASSETCATALOG_COMPILER_GLOBAL_ACCENT_COLOR_NAME = AccentColor;
				CODE_SIGN_STYLE = Automatic;
				CURRENT_PROJECT_VERSION = 1;
				DEVELOPMENT_ASSET_PATHS = "\"MyWeatherApp/Preview Content\"";
				DEVELOPMENT_TEAM = Y3ZCMF2WPJ;
				ENABLE_PREVIEWS = YES;
				GENERATE_INFOPLIST_FILE = YES;
				INFOPLIST_KEY_UIApplicationSceneManifest_Generation = YES;
				INFOPLIST_KEY_UIApplicationSupportsIndirectInputEvents = YES;
				INFOPLIST_KEY_UILaunchScreen_Generation = YES;
				INFOPLIST_KEY_UISupportedInterfaceOrientations_iPad = "UIInterfaceOrientationPortrait UIInterfaceOrientationPortraitUpsideDown UIInterfaceOrientationLandscapeLeft UIInterfaceOrientationLandscapeRight";
				INFOPLIST_KEY_UISupportedInterfaceOrientations_iPhone = "UIInterfaceOrientationPortrait UIInterfaceOrientationLandscapeLeft UIInterfaceOrientationLandscapeRight";
				LD_RUNPATH_SEARCH_PATHS = (
					"$(inherited)",
					"@executable_path/Frameworks",
				);
				MARKETING_VERSION = 1.0;
				PRODUCT_BUNDLE_IDENTIFIER = "myweatherapp-graphql.com.heber.MyWeatherApp";
				PRODUCT_NAME = "$(TARGET_NAME)";
				SWIFT_EMIT_LOC_STRINGS = YES;
				SWIFT_VERSION = 5.0;
				TARGETED_DEVICE_FAMILY = "1,2";
			};
			name = Release;
		};
/* End XCBuildConfiguration section */

/* Begin XCConfigurationList section */
		A1D3416B2A3782F20091F406 /* Build configuration list for PBXProject "MyWeatherApp" */ = {
			isa = XCConfigurationList;
			buildConfigurations = (
				A1D3417C2A3782F30091F406 /* Debug */,
				A1D3417D2A3782F30091F406 /* Release */,
			);
			defaultConfigurationIsVisible = 0;
			defaultConfigurationName = Release;
		};
		A1D3417E2A3782F30091F406 /* Build configuration list for PBXNativeTarget "MyWeatherApp" */ = {
			isa = XCConfigurationList;
			buildConfigurations = (
				A1D3417F2A3782F30091F406 /* Debug */,
				A1D341802A3782F30091F406 /* Release */,
			);
			defaultConfigurationIsVisible = 0;
			defaultConfigurationName = Release;
		};
/* End XCConfigurationList section */

/* Begin XCRemoteSwiftPackageReference section */
		A1D341812A37884B0091F406 /* XCRemoteSwiftPackageReference "apollo-ios" */ = {
			isa = XCRemoteSwiftPackageReference;
			repositoryURL = "https://github.com/apollographql/apollo-ios.git";
			requirement = {
				kind = upToNextMajorVersion;
				minimumVersion = 1.0.0;
			};
		};
/* End XCRemoteSwiftPackageReference section */

/* Begin XCSwiftPackageProductDependency section */
		A1A6DE772A3903B00095E305 /* WeatherAppSchema */ = {
			isa = XCSwiftPackageProductDependency;
			productName = WeatherAppSchema;
		};
		A1D341822A37884B0091F406 /* Apollo */ = {
			isa = XCSwiftPackageProductDependency;
			package = A1D341812A37884B0091F406 /* XCRemoteSwiftPackageReference "apollo-ios" */;
			productName = Apollo;
		};
/* End XCSwiftPackageProductDependency section */
	};
	rootObject = A1D341682A3782F20091F406 /* Project object */;
}
